// !$*UTF8*$!
{
	archiveVersion = 1;
	classes = {
	};
	objectVersion = 46;
	objects = {

/* Begin PBXBuildFile section */
		0698E2C9BBD16D1763C6D0FE /* GenericDriver.m in Sources */ = {isa = PBXBuildFile; fileRef = 450877C683D368FDCEF08E71 /* GenericDriver.m */; };
		07D09516E6AD733B1B87EB57 /* ControllerInterface.m in Sources */ = {isa = PBXBuildFile; fileRef = 2B13FA50EBFD53806D00D2D3 /* ControllerInterface.m */; };
		177B558E132651377AEAA3C5 /* MiscTools.cpp in Sources */ = {isa = PBXBuildFile; fileRef = 0C30F9856B3D65EA406D3065 /* MiscTools.cpp */; };
		18209A6C34FB2C54A22C05DB /* ofxMacamPs3Eye.mm in Sources */ = {isa = PBXBuildFile; fileRef = C2AA2220247AE4C04CC7BFD2 /* ofxMacamPs3Eye.mm */; };
		28189DB43CD152201712E778 /* ofxCvHaarFinder.cpp in Sources */ = {isa = PBXBuildFile; fileRef = B12400EDB0EE58FFA423EE0E /* ofxCvHaarFinder.cpp */; };
		40E7CEC62E17A8F6E6A443AE /* ofxCvGrayscaleImage.cpp in Sources */ = {isa = PBXBuildFile; fileRef = 6ADC1729A74FA3C4546C8168 /* ofxCvGrayscaleImage.cpp */; };
		410FC3971DB2626962784B71 /* MyCameraInfo.m in Sources */ = {isa = PBXBuildFile; fileRef = FAF0A4B7C594D462AC6EB826 /* MyCameraInfo.m */; };
		4658A6A134834CAE7045FA19 /* ofxCvFloatImage.cpp in Sources */ = {isa = PBXBuildFile; fileRef = CEC0A65B640729CFBF05911A /* ofxCvFloatImage.cpp */; };
		4693CD218C5FE9344215079C /* BayerConverter.m in Sources */ = {isa = PBXBuildFile; fileRef = 95B3636DE7372B8DFC77FECC /* BayerConverter.m */; };
		4927BB9D11FF7F57D3E2B51C /* ofxCvColorImage.cpp in Sources */ = {isa = PBXBuildFile; fileRef = BEA86F93D6BFAC2EE5D9D7C3 /* ofxCvColorImage.cpp */; };
		517CE1B2C596C78902884334 /* AGC.m in Sources */ = {isa = PBXBuildFile; fileRef = 7418082B9AF77B910E23B292 /* AGC.m */; };
		63512F2008E135A7A3860582 /* ofxCvImage.cpp in Sources */ = {isa = PBXBuildFile; fileRef = D1484D2806E7E5ACEEE55436 /* ofxCvImage.cpp */; };
		6E5C04EC4D4F2ECF59287FF4 /* MyCameraCentral.m in Sources */ = {isa = PBXBuildFile; fileRef = 2BE043168C9816544F170A3A /* MyCameraCentral.m */; };
		7027A124AAAE20D331CD5527 /* Resolvers.cpp in Sources */ = {isa = PBXBuildFile; fileRef = 0FDFF112D0172D51E603A52D /* Resolvers.cpp */; };
		7B402ED651BC0C49EF93DFF3 /* ofxCvContourFinder.cpp in Sources */ = {isa = PBXBuildFile; fileRef = 4A3B118E824B20B86DF7DE58 /* ofxCvContourFinder.cpp */; };
		93B45B3E698A2E2043502E86 /* OV534Driver.m in Sources */ = {isa = PBXBuildFile; fileRef = 9677D62506EC0684ECD7A0DF /* OV534Driver.m */; };
		9728D5F500B8C954C421A115 /* MyCameraDriver.m in Sources */ = {isa = PBXBuildFile; fileRef = 63141B22C38C7B165D9E5213 /* MyCameraDriver.m */; };
		A2CF15AACDE683F97C9A8171 /* LookUpTable.m in Sources */ = {isa = PBXBuildFile; fileRef = 6E24C014F7CBB13E96ABE727 /* LookUpTable.m */; };
		A541C32F7A1D7688FCA0A0E2 /* MiniGraphicsTools.cpp in Sources */ = {isa = PBXBuildFile; fileRef = 7B3E7646E5C37ADFFFE710A7 /* MiniGraphicsTools.cpp */; };
		B74F104129E22B82408533AD /* Sensor.m in Sources */ = {isa = PBXBuildFile; fileRef = 562BA3B85C4AA97FA080E9FC /* Sensor.m */; };
		B93E64DCEA33DBD4ADF05547 /* PS3EyeWindowAppDelegate.m in Sources */ = {isa = PBXBuildFile; fileRef = 24AA536744694D940201E58F /* PS3EyeWindowAppDelegate.m */; };
		B95DE8C005385141C9743C25 /* ofxAutoReloadedShader.cpp in Sources */ = {isa = PBXBuildFile; fileRef = A7AB4BFD5B73439D5850E763 /* ofxAutoReloadedShader.cpp */; };
		BBAB23CB13894F3D00AA2426 /* GLUT.framework in CopyFiles */ = {isa = PBXBuildFile; fileRef = BBAB23BE13894E4700AA2426 /* GLUT.framework */; };
		BE7F222AFD9FA8DBE437A166 /* Histogram.m in Sources */ = {isa = PBXBuildFile; fileRef = 18FA78573E3DEDCF46DB814B /* Histogram.m */; };
		D724B49219234A5E0076C719 /* Fragment.cpp in Sources */ = {isa = PBXBuildFile; fileRef = D724B49019234A5E0076C719 /* Fragment.cpp */; };
		D724B49D19234A690076C719 /* Limbo.cpp in Sources */ = {isa = PBXBuildFile; fileRef = D724B49319234A690076C719 /* Limbo.cpp */; };
		D724B49E19234A690076C719 /* Particle.cpp in Sources */ = {isa = PBXBuildFile; fileRef = D724B49519234A690076C719 /* Particle.cpp */; };
		D724B4A019234A690076C719 /* SunParticle.cpp in Sources */ = {isa = PBXBuildFile; fileRef = D724B49919234A690076C719 /* SunParticle.cpp */; };
		D724B4A119234A690076C719 /* Timer.cpp in Sources */ = {isa = PBXBuildFile; fileRef = D724B49B19234A690076C719 /* Timer.cpp */; };
		E4328149138ABC9F0047C5CB /* openFrameworksDebug.a in Frameworks */ = {isa = PBXBuildFile; fileRef = E4328148138ABC890047C5CB /* openFrameworksDebug.a */; };
		E45BE97B0E8CC7DD009D7055 /* AGL.framework in Frameworks */ = {isa = PBXBuildFile; fileRef = E45BE9710E8CC7DD009D7055 /* AGL.framework */; };
		E45BE97C0E8CC7DD009D7055 /* ApplicationServices.framework in Frameworks */ = {isa = PBXBuildFile; fileRef = E45BE9720E8CC7DD009D7055 /* ApplicationServices.framework */; };
		E45BE97D0E8CC7DD009D7055 /* AudioToolbox.framework in Frameworks */ = {isa = PBXBuildFile; fileRef = E45BE9730E8CC7DD009D7055 /* AudioToolbox.framework */; };
		E45BE97E0E8CC7DD009D7055 /* Carbon.framework in Frameworks */ = {isa = PBXBuildFile; fileRef = E45BE9740E8CC7DD009D7055 /* Carbon.framework */; };
		E45BE97F0E8CC7DD009D7055 /* CoreAudio.framework in Frameworks */ = {isa = PBXBuildFile; fileRef = E45BE9750E8CC7DD009D7055 /* CoreAudio.framework */; };
		E45BE9800E8CC7DD009D7055 /* CoreFoundation.framework in Frameworks */ = {isa = PBXBuildFile; fileRef = E45BE9760E8CC7DD009D7055 /* CoreFoundation.framework */; };
		E45BE9810E8CC7DD009D7055 /* CoreServices.framework in Frameworks */ = {isa = PBXBuildFile; fileRef = E45BE9770E8CC7DD009D7055 /* CoreServices.framework */; };
		E45BE9830E8CC7DD009D7055 /* OpenGL.framework in Frameworks */ = {isa = PBXBuildFile; fileRef = E45BE9790E8CC7DD009D7055 /* OpenGL.framework */; };
		E45BE9840E8CC7DD009D7055 /* QuickTime.framework in Frameworks */ = {isa = PBXBuildFile; fileRef = E45BE97A0E8CC7DD009D7055 /* QuickTime.framework */; };
		E4B69E200A3A1BDC003C02F2 /* main.cpp in Sources */ = {isa = PBXBuildFile; fileRef = E4B69E1D0A3A1BDC003C02F2 /* main.cpp */; };
		E4B69E210A3A1BDC003C02F2 /* testApp.cpp in Sources */ = {isa = PBXBuildFile; fileRef = E4B69E1E0A3A1BDC003C02F2 /* testApp.cpp */; };
		E4C2424710CC5A17004149E2 /* AppKit.framework in Frameworks */ = {isa = PBXBuildFile; fileRef = E4C2424410CC5A17004149E2 /* AppKit.framework */; };
		E4C2424810CC5A17004149E2 /* Cocoa.framework in Frameworks */ = {isa = PBXBuildFile; fileRef = E4C2424510CC5A17004149E2 /* Cocoa.framework */; };
		E4C2424910CC5A17004149E2 /* IOKit.framework in Frameworks */ = {isa = PBXBuildFile; fileRef = E4C2424610CC5A17004149E2 /* IOKit.framework */; };
		E4EB6799138ADC1D00A09F29 /* GLUT.framework in Frameworks */ = {isa = PBXBuildFile; fileRef = BBAB23BE13894E4700AA2426 /* GLUT.framework */; };
		E575E4639DEDB0396714677F /* FrameCounter.m in Sources */ = {isa = PBXBuildFile; fileRef = EE8D900AC87DAED879FE4ABF /* FrameCounter.m */; };
		E7E077E515D3B63C0020DFD4 /* CoreVideo.framework in Frameworks */ = {isa = PBXBuildFile; fileRef = E7E077E415D3B63C0020DFD4 /* CoreVideo.framework */; };
		E7E077E815D3B6510020DFD4 /* QTKit.framework in Frameworks */ = {isa = PBXBuildFile; fileRef = E7E077E715D3B6510020DFD4 /* QTKit.framework */; };
		E7F985F815E0DEA3003869B5 /* Accelerate.framework in Frameworks */ = {isa = PBXBuildFile; fileRef = E7F985F515E0DE99003869B5 /* Accelerate.framework */; };
		FEE13C3059BFBFB576FCBAF7 /* ofxCvShortImage.cpp in Sources */ = {isa = PBXBuildFile; fileRef = B647C46D3728CF38EDFC625B /* ofxCvShortImage.cpp */; };
/* End PBXBuildFile section */

/* Begin PBXContainerItemProxy section */
		E4328147138ABC890047C5CB /* PBXContainerItemProxy */ = {
			isa = PBXContainerItemProxy;
			containerPortal = E4328143138ABC890047C5CB /* openFrameworksLib.xcodeproj */;
			proxyType = 2;
			remoteGlobalIDString = E4B27C1510CBEB8E00536013;
			remoteInfo = openFrameworks;
		};
		E4EEB9AB138B136A00A80321 /* PBXContainerItemProxy */ = {
			isa = PBXContainerItemProxy;
			containerPortal = E4328143138ABC890047C5CB /* openFrameworksLib.xcodeproj */;
			proxyType = 1;
			remoteGlobalIDString = E4B27C1410CBEB8E00536013;
			remoteInfo = openFrameworks;
		};
/* End PBXContainerItemProxy section */

/* Begin PBXCopyFilesBuildPhase section */
		E4C2427710CC5ABF004149E2 /* CopyFiles */ = {
			isa = PBXCopyFilesBuildPhase;
			buildActionMask = 2147483647;
			dstPath = "";
			dstSubfolderSpec = 10;
			files = (
				BBAB23CB13894F3D00AA2426 /* GLUT.framework in CopyFiles */,
			);
			runOnlyForDeploymentPostprocessing = 0;
		};
/* End PBXCopyFilesBuildPhase section */

/* Begin PBXFileReference section */
		014EB235B442BDC154E2B4D9 /* cvaux.h */ = {isa = PBXFileReference; explicitFileType = sourcecode.c.h; fileEncoding = 30; name = cvaux.h; path = ../../addons/ofxOpenCv/libs/opencv/include/opencv/cvaux.h; sourceTree = SOURCE_ROOT; };
		02248182416165E37BF8B6D3 /* dist.h */ = {isa = PBXFileReference; explicitFileType = sourcecode.c.h; fileEncoding = 30; name = dist.h; path = ../../addons/ofxOpenCv/libs/opencv/include/opencv2/flann/dist.h; sourceTree = SOURCE_ROOT; };
		0471EAB9E74A15026488D972 /* features2d.hpp */ = {isa = PBXFileReference; explicitFileType = sourcecode.c.h; fileEncoding = 30; name = features2d.hpp; path = ../../addons/ofxOpenCv/libs/opencv/include/opencv2/features2d/features2d.hpp; sourceTree = SOURCE_ROOT; };
		09DF232742611E8F9441A2B9 /* ofxOpenCv.h */ = {isa = PBXFileReference; explicitFileType = sourcecode.c.h; fileEncoding = 30; name = ofxOpenCv.h; path = ../../addons/ofxOpenCv/src/ofxOpenCv.h; sourceTree = SOURCE_ROOT; };
		0AE21A078F714613FD5D6CDE /* ofxAutoReloadedShader.h */ = {isa = PBXFileReference; explicitFileType = sourcecode.c.h; fileEncoding = 30; name = ofxAutoReloadedShader.h; path = ../../addons/ofxAutoReloadedShader/src/ofxAutoReloadedShader.h; sourceTree = SOURCE_ROOT; };
		0C30F9856B3D65EA406D3065 /* MiscTools.cpp */ = {isa = PBXFileReference; explicitFileType = sourcecode.cpp.cpp; fileEncoding = 30; name = MiscTools.cpp; path = ../../addons/ofxMacamPs3Eye/src/macam/MiscTools.cpp; sourceTree = SOURCE_ROOT; };
		0D6081D94E2B01A410FBF701 /* cxcore.h */ = {isa = PBXFileReference; explicitFileType = sourcecode.c.h; fileEncoding = 30; name = cxcore.h; path = ../../addons/ofxOpenCv/libs/opencv/include/opencv/cxcore.h; sourceTree = SOURCE_ROOT; };
		0F8287467456A6632713E15B /* legacy.hpp */ = {isa = PBXFileReference; explicitFileType = sourcecode.c.h; fileEncoding = 30; name = legacy.hpp; path = ../../addons/ofxOpenCv/libs/opencv/include/opencv2/legacy/legacy.hpp; sourceTree = SOURCE_ROOT; };
		0FDFF112D0172D51E603A52D /* Resolvers.cpp */ = {isa = PBXFileReference; explicitFileType = sourcecode.cpp.cpp; fileEncoding = 30; name = Resolvers.cpp; path = ../../addons/ofxMacamPs3Eye/src/macam/Resolvers.cpp; sourceTree = SOURCE_ROOT; };
		149EC2D5803444BC98F68EA7 /* hierarchical_clustering_index.h */ = {isa = PBXFileReference; explicitFileType = sourcecode.c.h; fileEncoding = 30; name = hierarchical_clustering_index.h; path = ../../addons/ofxOpenCv/libs/opencv/include/opencv2/flann/hierarchical_clustering_index.h; sourceTree = SOURCE_ROOT; };
		16C42549454E205E4A4248D2 /* gpu.hpp */ = {isa = PBXFileReference; explicitFileType = sourcecode.c.h; fileEncoding = 30; name = gpu.hpp; path = ../../addons/ofxOpenCv/libs/opencv/include/opencv2/gpu/gpu.hpp; sourceTree = SOURCE_ROOT; };
		17964CEE60E51DCFA80FE3FF /* calib3d.hpp */ = {isa = PBXFileReference; explicitFileType = sourcecode.c.h; fileEncoding = 30; name = calib3d.hpp; path = ../../addons/ofxOpenCv/libs/opencv/include/opencv2/calib3d/calib3d.hpp; sourceTree = SOURCE_ROOT; };
		189C2C29EB8896D8476CA771 /* index_testing.h */ = {isa = PBXFileReference; explicitFileType = sourcecode.c.h; fileEncoding = 30; name = index_testing.h; path = ../../addons/ofxOpenCv/libs/opencv/include/opencv2/flann/index_testing.h; sourceTree = SOURCE_ROOT; };
		18FA78573E3DEDCF46DB814B /* Histogram.m */ = {isa = PBXFileReference; explicitFileType = sourcecode.cpp.objcpp; fileEncoding = 30; name = Histogram.m; path = ../../addons/ofxMacamPs3Eye/src/macam/Histogram.m; sourceTree = SOURCE_ROOT; };
		1A5BD1A56E2B04BD6C212A63 /* dynamic_bitset.h */ = {isa = PBXFileReference; explicitFileType = sourcecode.c.h; fileEncoding = 30; name = dynamic_bitset.h; path = ../../addons/ofxOpenCv/libs/opencv/include/opencv2/flann/dynamic_bitset.h; sourceTree = SOURCE_ROOT; };
		1A9B143BA7B90EA12E07E99C /* Histogram.h */ = {isa = PBXFileReference; explicitFileType = sourcecode.c.h; fileEncoding = 30; name = Histogram.h; path = ../../addons/ofxMacamPs3Eye/src/macam/include/Histogram.h; sourceTree = SOURCE_ROOT; };
		1B0A2AD3BC6B869F61380AF8 /* PS3EyeWindowAppDelegate.h */ = {isa = PBXFileReference; explicitFileType = sourcecode.c.h; fileEncoding = 30; name = PS3EyeWindowAppDelegate.h; path = ../../addons/ofxMacamPs3Eye/src/PS3EyeWindowAppDelegate.h; sourceTree = SOURCE_ROOT; };
		1D28AC9B8065ED451822ADAE /* Sensor.h */ = {isa = PBXFileReference; explicitFileType = sourcecode.c.h; fileEncoding = 30; name = Sensor.h; path = ../../addons/ofxMacamPs3Eye/src/macam/include/Sensor.h; sourceTree = SOURCE_ROOT; };
		217416037D6BECCA57032287 /* types_c.h */ = {isa = PBXFileReference; explicitFileType = sourcecode.c.h; fileEncoding = 30; name = types_c.h; path = ../../addons/ofxOpenCv/libs/opencv/include/opencv2/imgproc/types_c.h; sourceTree = SOURCE_ROOT; };
		236E08D304C8C1F4EFD3620C /* ofxCvFloatImage.h */ = {isa = PBXFileReference; explicitFileType = sourcecode.c.h; fileEncoding = 30; name = ofxCvFloatImage.h; path = ../../addons/ofxOpenCv/src/ofxCvFloatImage.h; sourceTree = SOURCE_ROOT; };
		24AA536744694D940201E58F /* PS3EyeWindowAppDelegate.m */ = {isa = PBXFileReference; explicitFileType = sourcecode.cpp.objcpp; fileEncoding = 30; name = PS3EyeWindowAppDelegate.m; path = ../../addons/ofxMacamPs3Eye/src/PS3EyeWindowAppDelegate.m; sourceTree = SOURCE_ROOT; };
		2B13FA50EBFD53806D00D2D3 /* ControllerInterface.m */ = {isa = PBXFileReference; explicitFileType = sourcecode.cpp.objcpp; fileEncoding = 30; name = ControllerInterface.m; path = ../../addons/ofxMacamPs3Eye/src/macam/ControllerInterface.m; sourceTree = SOURCE_ROOT; };
		2B61A2D69530C86CFBE2CB65 /* ts_gtest.h */ = {isa = PBXFileReference; explicitFileType = sourcecode.c.h; fileEncoding = 30; name = ts_gtest.h; path = ../../addons/ofxOpenCv/libs/opencv/include/opencv2/ts/ts_gtest.h; sourceTree = SOURCE_ROOT; };
		2BBA11627E73633AC56D854F /* imgproc.hpp */ = {isa = PBXFileReference; explicitFileType = sourcecode.c.h; fileEncoding = 30; name = imgproc.hpp; path = ../../addons/ofxOpenCv/libs/opencv/include/opencv2/imgproc/imgproc.hpp; sourceTree = SOURCE_ROOT; };
		2BE043168C9816544F170A3A /* MyCameraCentral.m */ = {isa = PBXFileReference; explicitFileType = sourcecode.cpp.objcpp; fileEncoding = 30; name = MyCameraCentral.m; path = ../../addons/ofxMacamPs3Eye/src/macam/MyCameraCentral.m; sourceTree = SOURCE_ROOT; };
		2E60D09E7C352EE54EDEBB1A /* wimage.hpp */ = {isa = PBXFileReference; explicitFileType = sourcecode.c.h; fileEncoding = 30; name = wimage.hpp; path = ../../addons/ofxOpenCv/libs/opencv/include/opencv2/core/wimage.hpp; sourceTree = SOURCE_ROOT; };
		2F3714ED9FA28845B6C06ED7 /* kdtree_single_index.h */ = {isa = PBXFileReference; explicitFileType = sourcecode.c.h; fileEncoding = 30; name = kdtree_single_index.h; path = ../../addons/ofxOpenCv/libs/opencv/include/opencv2/flann/kdtree_single_index.h; sourceTree = SOURCE_ROOT; };
		2F6A7D3BF4694D651E3F3B70 /* flann_base.hpp */ = {isa = PBXFileReference; explicitFileType = sourcecode.c.h; fileEncoding = 30; name = flann_base.hpp; path = ../../addons/ofxOpenCv/libs/opencv/include/opencv2/flann/flann_base.hpp; sourceTree = SOURCE_ROOT; };
		2F92FA578B5EAEB49229F4EF /* ofxCvConstants.h */ = {isa = PBXFileReference; explicitFileType = sourcecode.c.h; fileEncoding = 30; name = ofxCvConstants.h; path = ../../addons/ofxOpenCv/src/ofxCvConstants.h; sourceTree = SOURCE_ROOT; };
		307149AFFC2C2950B9990326 /* ofxCvColorImage.h */ = {isa = PBXFileReference; explicitFileType = sourcecode.c.h; fileEncoding = 30; name = ofxCvColorImage.h; path = ../../addons/ofxOpenCv/src/ofxCvColorImage.h; sourceTree = SOURCE_ROOT; };
		328D3F9EC72E83441FBB1964 /* cxcore.hpp */ = {isa = PBXFileReference; explicitFileType = sourcecode.c.h; fileEncoding = 30; name = cxcore.hpp; path = ../../addons/ofxOpenCv/libs/opencv/include/opencv/cxcore.hpp; sourceTree = SOURCE_ROOT; };
		37565F9A6A9BAB83933F9F09 /* retina.hpp */ = {isa = PBXFileReference; explicitFileType = sourcecode.c.h; fileEncoding = 30; name = retina.hpp; path = ../../addons/ofxOpenCv/libs/opencv/include/opencv2/contrib/retina.hpp; sourceTree = SOURCE_ROOT; };
		377DC4911D8323C5BCDE358C /* object_factory.h */ = {isa = PBXFileReference; explicitFileType = sourcecode.c.h; fileEncoding = 30; name = object_factory.h; path = ../../addons/ofxOpenCv/libs/opencv/include/opencv2/flann/object_factory.h; sourceTree = SOURCE_ROOT; };
		3C2E2D712302594BA928C908 /* cvaux.hpp */ = {isa = PBXFileReference; explicitFileType = sourcecode.c.h; fileEncoding = 30; name = cvaux.hpp; path = ../../addons/ofxOpenCv/libs/opencv/include/opencv/cvaux.hpp; sourceTree = SOURCE_ROOT; };
		3CC741100B92BDA61AE0539B /* lsh_index.h */ = {isa = PBXFileReference; explicitFileType = sourcecode.c.h; fileEncoding = 30; name = lsh_index.h; path = ../../addons/ofxOpenCv/libs/opencv/include/opencv2/flann/lsh_index.h; sourceTree = SOURCE_ROOT; };
		3CF911870940E533C72C5C3D /* defines.h */ = {isa = PBXFileReference; explicitFileType = sourcecode.c.h; fileEncoding = 30; name = defines.h; path = ../../addons/ofxOpenCv/libs/opencv/include/opencv2/flann/defines.h; sourceTree = SOURCE_ROOT; };
		40FA6EB56122C95578919F5E /* any.h */ = {isa = PBXFileReference; explicitFileType = sourcecode.c.h; fileEncoding = 30; name = any.h; path = ../../addons/ofxOpenCv/libs/opencv/include/opencv2/flann/any.h; sourceTree = SOURCE_ROOT; };
		4144FB0C3ECE2DEF836458C5 /* ofxCvShortImage.h */ = {isa = PBXFileReference; explicitFileType = sourcecode.c.h; fileEncoding = 30; name = ofxCvShortImage.h; path = ../../addons/ofxOpenCv/src/ofxCvShortImage.h; sourceTree = SOURCE_ROOT; };
		427E339F3028FB9BD2583091 /* sampling.h */ = {isa = PBXFileReference; explicitFileType = sourcecode.c.h; fileEncoding = 30; name = sampling.h; path = ../../addons/ofxOpenCv/libs/opencv/include/opencv2/flann/sampling.h; sourceTree = SOURCE_ROOT; };
		4290CF699587C21860622709 /* linear_index.h */ = {isa = PBXFileReference; explicitFileType = sourcecode.c.h; fileEncoding = 30; name = linear_index.h; path = ../../addons/ofxOpenCv/libs/opencv/include/opencv2/flann/linear_index.h; sourceTree = SOURCE_ROOT; };
		450877C683D368FDCEF08E71 /* GenericDriver.m */ = {isa = PBXFileReference; explicitFileType = sourcecode.cpp.objcpp; fileEncoding = 30; name = GenericDriver.m; path = ../../addons/ofxMacamPs3Eye/src/macam/GenericDriver.m; sourceTree = SOURCE_ROOT; };
		4544758CCDE8420309DFAB7E /* miniflann.hpp */ = {isa = PBXFileReference; explicitFileType = sourcecode.c.h; fileEncoding = 30; name = miniflann.hpp; path = ../../addons/ofxOpenCv/libs/opencv/include/opencv2/flann/miniflann.hpp; sourceTree = SOURCE_ROOT; };
		45880FFA3231CAA0144404DB /* matrix_operations.hpp */ = {isa = PBXFileReference; explicitFileType = sourcecode.c.h; fileEncoding = 30; name = matrix_operations.hpp; path = ../../addons/ofxOpenCv/libs/opencv/include/opencv2/gpu/matrix_operations.hpp; sourceTree = SOURCE_ROOT; };
		4783972A174D4413B88F8AFD /* background_segm.hpp */ = {isa = PBXFileReference; explicitFileType = sourcecode.c.h; fileEncoding = 30; name = background_segm.hpp; path = ../../addons/ofxOpenCv/libs/opencv/include/opencv2/video/background_segm.hpp; sourceTree = SOURCE_ROOT; };
		48213A907638718C4206147B /* gpumat.hpp */ = {isa = PBXFileReference; explicitFileType = sourcecode.c.h; fileEncoding = 30; name = gpumat.hpp; path = ../../addons/ofxOpenCv/libs/opencv/include/opencv2/gpu/gpumat.hpp; sourceTree = SOURCE_ROOT; };
		4A3B118E824B20B86DF7DE58 /* ofxCvContourFinder.cpp */ = {isa = PBXFileReference; explicitFileType = sourcecode.cpp.cpp; fileEncoding = 30; name = ofxCvContourFinder.cpp; path = ../../addons/ofxOpenCv/src/ofxCvContourFinder.cpp; sourceTree = SOURCE_ROOT; };
		4B6505ED9C6446DF9FB6AE8A /* stream_accessor.hpp */ = {isa = PBXFileReference; explicitFileType = sourcecode.c.h; fileEncoding = 30; name = stream_accessor.hpp; path = ../../addons/ofxOpenCv/libs/opencv/include/opencv2/gpu/stream_accessor.hpp; sourceTree = SOURCE_ROOT; };
		4D05A05EE7260048569D1077 /* ofxCvBlob.h */ = {isa = PBXFileReference; explicitFileType = sourcecode.c.h; fileEncoding = 30; name = ofxCvBlob.h; path = ../../addons/ofxOpenCv/src/ofxCvBlob.h; sourceTree = SOURCE_ROOT; };
		4D2B970F7E2D8AB7F8A28736 /* types_c.h */ = {isa = PBXFileReference; explicitFileType = sourcecode.c.h; fileEncoding = 30; name = types_c.h; path = ../../addons/ofxOpenCv/libs/opencv/include/opencv2/core/types_c.h; sourceTree = SOURCE_ROOT; };
		4F2523686D5C62AE6A908D37 /* autotuned_index.h */ = {isa = PBXFileReference; explicitFileType = sourcecode.c.h; fileEncoding = 30; name = autotuned_index.h; path = ../../addons/ofxOpenCv/libs/opencv/include/opencv2/flann/autotuned_index.h; sourceTree = SOURCE_ROOT; };
		4F9551C3FBF848DF89031F48 /* allocator.h */ = {isa = PBXFileReference; explicitFileType = sourcecode.c.h; fileEncoding = 30; name = allocator.h; path = ../../addons/ofxOpenCv/libs/opencv/include/opencv2/flann/allocator.h; sourceTree = SOURCE_ROOT; };
		547A933DA9D18C873D986A2B /* operations.hpp */ = {isa = PBXFileReference; explicitFileType = sourcecode.c.h; fileEncoding = 30; name = operations.hpp; path = ../../addons/ofxOpenCv/libs/opencv/include/opencv2/core/operations.hpp; sourceTree = SOURCE_ROOT; };
		562BA3B85C4AA97FA080E9FC /* Sensor.m */ = {isa = PBXFileReference; explicitFileType = sourcecode.cpp.objcpp; fileEncoding = 30; name = Sensor.m; path = ../../addons/ofxMacamPs3Eye/src/macam/Sensor.m; sourceTree = SOURCE_ROOT; };
		59E7025DD3988EC444200EEE /* matrix.h */ = {isa = PBXFileReference; explicitFileType = sourcecode.c.h; fileEncoding = 30; name = matrix.h; path = ../../addons/ofxOpenCv/libs/opencv/include/opencv2/flann/matrix.h; sourceTree = SOURCE_ROOT; };
		5E3DC78BDF18B305E356514A /* random.h */ = {isa = PBXFileReference; explicitFileType = sourcecode.c.h; fileEncoding = 30; name = random.h; path = ../../addons/ofxOpenCv/libs/opencv/include/opencv2/flann/random.h; sourceTree = SOURCE_ROOT; };
		5EC47C2AA32281D0EA6D9907 /* saving.h */ = {isa = PBXFileReference; explicitFileType = sourcecode.c.h; fileEncoding = 30; name = saving.h; path = ../../addons/ofxOpenCv/libs/opencv/include/opencv2/flann/saving.h; sourceTree = SOURCE_ROOT; };
		63141B22C38C7B165D9E5213 /* MyCameraDriver.m */ = {isa = PBXFileReference; explicitFileType = sourcecode.cpp.objcpp; fileEncoding = 30; name = MyCameraDriver.m; path = ../../addons/ofxMacamPs3Eye/src/macam/MyCameraDriver.m; sourceTree = SOURCE_ROOT; };
		688CF4088F807990CBF982F4 /* cv.hpp */ = {isa = PBXFileReference; explicitFileType = sourcecode.c.h; fileEncoding = 30; name = cv.hpp; path = ../../addons/ofxOpenCv/libs/opencv/include/opencv/cv.hpp; sourceTree = SOURCE_ROOT; };
		6ADC1729A74FA3C4546C8168 /* ofxCvGrayscaleImage.cpp */ = {isa = PBXFileReference; explicitFileType = sourcecode.cpp.cpp; fileEncoding = 30; name = ofxCvGrayscaleImage.cpp; path = ../../addons/ofxOpenCv/src/ofxCvGrayscaleImage.cpp; sourceTree = SOURCE_ROOT; };
		6ADD271F71E5CF8161B45109 /* logger.h */ = {isa = PBXFileReference; explicitFileType = sourcecode.c.h; fileEncoding = 30; name = logger.h; path = ../../addons/ofxOpenCv/libs/opencv/include/opencv2/flann/logger.h; sourceTree = SOURCE_ROOT; };
		6E24C014F7CBB13E96ABE727 /* LookUpTable.m */ = {isa = PBXFileReference; explicitFileType = sourcecode.cpp.objcpp; fileEncoding = 30; name = LookUpTable.m; path = ../../addons/ofxMacamPs3Eye/src/macam/LookUpTable.m; sourceTree = SOURCE_ROOT; };
		72B09CED9EDEB5AF9DE0104C /* ml.h */ = {isa = PBXFileReference; explicitFileType = sourcecode.c.h; fileEncoding = 30; name = ml.h; path = ../../addons/ofxOpenCv/libs/opencv/include/opencv/ml.h; sourceTree = SOURCE_ROOT; };
		739B26286FE49235D3754BC0 /* kdtree_index.h */ = {isa = PBXFileReference; explicitFileType = sourcecode.c.h; fileEncoding = 30; name = kdtree_index.h; path = ../../addons/ofxOpenCv/libs/opencv/include/opencv2/flann/kdtree_index.h; sourceTree = SOURCE_ROOT; };
		73D2DFC7194C57675EC63F0E /* streams.hpp */ = {isa = PBXFileReference; explicitFileType = sourcecode.c.h; fileEncoding = 30; name = streams.hpp; path = ../../addons/ofxOpenCv/libs/opencv/include/opencv2/legacy/streams.hpp; sourceTree = SOURCE_ROOT; };
		7418082B9AF77B910E23B292 /* AGC.m */ = {isa = PBXFileReference; explicitFileType = sourcecode.cpp.objcpp; fileEncoding = 30; name = AGC.m; path = ../../addons/ofxMacamPs3Eye/src/macam/AGC.m; sourceTree = SOURCE_ROOT; };
		7580327005E2ED2C282261D4 /* objdetect.hpp */ = {isa = PBXFileReference; explicitFileType = sourcecode.c.h; fileEncoding = 30; name = objdetect.hpp; path = ../../addons/ofxOpenCv/libs/opencv/include/opencv2/objdetect/objdetect.hpp; sourceTree = SOURCE_ROOT; };
		77C5804FE62B44A0DAAD80AE /* ofxCvGrayscaleImage.h */ = {isa = PBXFileReference; explicitFileType = sourcecode.c.h; fileEncoding = 30; name = ofxCvGrayscaleImage.h; path = ../../addons/ofxOpenCv/src/ofxCvGrayscaleImage.h; sourceTree = SOURCE_ROOT; };
		79294254C5A26639AA565C63 /* devmem2d.hpp */ = {isa = PBXFileReference; explicitFileType = sourcecode.c.h; fileEncoding = 30; name = devmem2d.hpp; path = ../../addons/ofxOpenCv/libs/opencv/include/opencv2/gpu/devmem2d.hpp; sourceTree = SOURCE_ROOT; };
		7961BA1E329067E30634031B /* MyCameraCentral.h */ = {isa = PBXFileReference; explicitFileType = sourcecode.c.h; fileEncoding = 30; name = MyCameraCentral.h; path = ../../addons/ofxMacamPs3Eye/src/macam/include/MyCameraCentral.h; sourceTree = SOURCE_ROOT; };
		797A8282101F29D144C57B64 /* core_c.h */ = {isa = PBXFileReference; explicitFileType = sourcecode.c.h; fileEncoding = 30; name = core_c.h; path = ../../addons/ofxOpenCv/libs/opencv/include/opencv2/core/core_c.h; sourceTree = SOURCE_ROOT; };
		79F119BFBBCA1E9F31B25A47 /* MyCameraDriver.h */ = {isa = PBXFileReference; explicitFileType = sourcecode.c.h; fileEncoding = 30; name = MyCameraDriver.h; path = ../../addons/ofxMacamPs3Eye/src/macam/include/MyCameraDriver.h; sourceTree = SOURCE_ROOT; };
		7B3E7646E5C37ADFFFE710A7 /* MiniGraphicsTools.cpp */ = {isa = PBXFileReference; explicitFileType = sourcecode.cpp.cpp; fileEncoding = 30; name = MiniGraphicsTools.cpp; path = ../../addons/ofxMacamPs3Eye/src/macam/MiniGraphicsTools.cpp; sourceTree = SOURCE_ROOT; };
		7DBFDBDB76046177350612D2 /* tracking.hpp */ = {isa = PBXFileReference; explicitFileType = sourcecode.c.h; fileEncoding = 30; name = tracking.hpp; path = ../../addons/ofxOpenCv/libs/opencv/include/opencv2/video/tracking.hpp; sourceTree = SOURCE_ROOT; };
		813C94E895EFBEB751C7E3E4 /* GlobalDefs.h */ = {isa = PBXFileReference; explicitFileType = sourcecode.c.h; fileEncoding = 30; name = GlobalDefs.h; path = ../../addons/ofxMacamPs3Eye/src/macam/include/GlobalDefs.h; sourceTree = SOURCE_ROOT; };
		81727EEC399392BD11A45A6C /* GenericDriver.h */ = {isa = PBXFileReference; explicitFileType = sourcecode.c.h; fileEncoding = 30; name = GenericDriver.h; path = ../../addons/ofxMacamPs3Eye/src/macam/include/GenericDriver.h; sourceTree = SOURCE_ROOT; };
		856A59EA3B178691675FC18B /* MyCameraInfo.h */ = {isa = PBXFileReference; explicitFileType = sourcecode.c.h; fileEncoding = 30; name = MyCameraInfo.h; path = ../../addons/ofxMacamPs3Eye/src/macam/include/MyCameraInfo.h; sourceTree = SOURCE_ROOT; };
		85B3C7B86B76F0358F049F64 /* opencv.hpp */ = {isa = PBXFileReference; explicitFileType = sourcecode.c.h; fileEncoding = 30; name = opencv.hpp; path = ../../addons/ofxOpenCv/libs/opencv/include/opencv2/opencv.hpp; sourceTree = SOURCE_ROOT; };
		875DFFD0B7EF7D7F1DE6783C /* all_indices.h */ = {isa = PBXFileReference; explicitFileType = sourcecode.c.h; fileEncoding = 30; name = all_indices.h; path = ../../addons/ofxOpenCv/libs/opencv/include/opencv2/flann/all_indices.h; sourceTree = SOURCE_ROOT; };
		8BBCFA678E70CBD8162F4F16 /* AGC.h */ = {isa = PBXFileReference; explicitFileType = sourcecode.c.h; fileEncoding = 30; name = AGC.h; path = ../../addons/ofxMacamPs3Eye/src/macam/include/AGC.h; sourceTree = SOURCE_ROOT; };
		8D2763C32AE49E5211F562F3 /* cxeigen.hpp */ = {isa = PBXFileReference; explicitFileType = sourcecode.c.h; fileEncoding = 30; name = cxeigen.hpp; path = ../../addons/ofxOpenCv/libs/opencv/include/opencv/cxeigen.hpp; sourceTree = SOURCE_ROOT; };
		8D8BD671DD9CA7C78680673B /* Resolvers.h */ = {isa = PBXFileReference; explicitFileType = sourcecode.c.h; fileEncoding = 30; name = Resolvers.h; path = ../../addons/ofxMacamPs3Eye/src/macam/include/Resolvers.h; sourceTree = SOURCE_ROOT; };
		8D9A1009207B773EBC732059 /* version.hpp */ = {isa = PBXFileReference; explicitFileType = sourcecode.c.h; fileEncoding = 30; name = version.hpp; path = ../../addons/ofxOpenCv/libs/opencv/include/opencv2/core/version.hpp; sourceTree = SOURCE_ROOT; };
		8E0D8EA266C129C148918B81 /* video.hpp */ = {isa = PBXFileReference; explicitFileType = sourcecode.c.h; fileEncoding = 30; name = video.hpp; path = ../../addons/ofxOpenCv/libs/opencv/include/opencv2/video/video.hpp; sourceTree = SOURCE_ROOT; };
		90042465506E325A95B1E7B8 /* BayerConverter.h */ = {isa = PBXFileReference; explicitFileType = sourcecode.c.h; fileEncoding = 30; name = BayerConverter.h; path = ../../addons/ofxMacamPs3Eye/src/macam/include/BayerConverter.h; sourceTree = SOURCE_ROOT; };
		90D90726DAE413AB97A99C96 /* cvwimage.h */ = {isa = PBXFileReference; explicitFileType = sourcecode.c.h; fileEncoding = 30; name = cvwimage.h; path = ../../addons/ofxOpenCv/libs/opencv/include/opencv/cvwimage.h; sourceTree = SOURCE_ROOT; };
		93AEB960169F558DA43ADE28 /* config.h */ = {isa = PBXFileReference; explicitFileType = sourcecode.c.h; fileEncoding = 30; name = config.h; path = ../../addons/ofxOpenCv/libs/opencv/include/opencv2/flann/config.h; sourceTree = SOURCE_ROOT; };
		95B3636DE7372B8DFC77FECC /* BayerConverter.m */ = {isa = PBXFileReference; explicitFileType = sourcecode.cpp.objcpp; fileEncoding = 30; name = BayerConverter.m; path = ../../addons/ofxMacamPs3Eye/src/macam/BayerConverter.m; sourceTree = SOURCE_ROOT; };
		9665E50146912933224980B5 /* FrameCounter.h */ = {isa = PBXFileReference; explicitFileType = sourcecode.c.h; fileEncoding = 30; name = FrameCounter.h; path = ../../addons/ofxMacamPs3Eye/src/macam/include/FrameCounter.h; sourceTree = SOURCE_ROOT; };
		9677D62506EC0684ECD7A0DF /* OV534Driver.m */ = {isa = PBXFileReference; explicitFileType = sourcecode.cpp.objcpp; fileEncoding = 30; name = OV534Driver.m; path = ../../addons/ofxMacamPs3Eye/src/macam/OV534Driver.m; sourceTree = SOURCE_ROOT; };
		9BD3451AFD64C02B0CDA7721 /* LookUpTable.h */ = {isa = PBXFileReference; explicitFileType = sourcecode.c.h; fileEncoding = 30; name = LookUpTable.h; path = ../../addons/ofxMacamPs3Eye/src/macam/include/LookUpTable.h; sourceTree = SOURCE_ROOT; };
		9C4BEBB5B382B57CF9725AF3 /* simplex_downhill.h */ = {isa = PBXFileReference; explicitFileType = sourcecode.c.h; fileEncoding = 30; name = simplex_downhill.h; path = ../../addons/ofxOpenCv/libs/opencv/include/opencv2/flann/simplex_downhill.h; sourceTree = SOURCE_ROOT; };
		9E6AE7B56ACCF9357B7D3D1A /* ofxCvMain.h */ = {isa = PBXFileReference; explicitFileType = sourcecode.c.h; fileEncoding = 30; name = ofxCvMain.h; path = ../../addons/ofxOpenCv/src/ofxCvMain.h; sourceTree = SOURCE_ROOT; };
		A1D1DE109833A1A613935019 /* hdf5.h */ = {isa = PBXFileReference; explicitFileType = sourcecode.c.h; fileEncoding = 30; name = hdf5.h; path = ../../addons/ofxOpenCv/libs/opencv/include/opencv2/flann/hdf5.h; sourceTree = SOURCE_ROOT; };
		A5F12C10DDC6B97B57C031A9 /* ControllerInterface.h */ = {isa = PBXFileReference; explicitFileType = sourcecode.c.h; fileEncoding = 30; name = ControllerInterface.h; path = ../../addons/ofxMacamPs3Eye/src/macam/include/ControllerInterface.h; sourceTree = SOURCE_ROOT; };
		A7AB4BFD5B73439D5850E763 /* ofxAutoReloadedShader.cpp */ = {isa = PBXFileReference; explicitFileType = sourcecode.cpp.cpp; fileEncoding = 30; name = ofxAutoReloadedShader.cpp; path = ../../addons/ofxAutoReloadedShader/src/ofxAutoReloadedShader.cpp; sourceTree = SOURCE_ROOT; };
		AC3CF2E9C5449C5123DC5C47 /* ml.hpp */ = {isa = PBXFileReference; explicitFileType = sourcecode.c.h; fileEncoding = 30; name = ml.hpp; path = ../../addons/ofxOpenCv/libs/opencv/include/opencv2/ml/ml.hpp; sourceTree = SOURCE_ROOT; };
		B021E9EFDF732FC0B0232318 /* mat.hpp */ = {isa = PBXFileReference; explicitFileType = sourcecode.c.h; fileEncoding = 30; name = mat.hpp; path = ../../addons/ofxOpenCv/libs/opencv/include/opencv2/core/mat.hpp; sourceTree = SOURCE_ROOT; };
		B12400EDB0EE58FFA423EE0E /* ofxCvHaarFinder.cpp */ = {isa = PBXFileReference; explicitFileType = sourcecode.cpp.cpp; fileEncoding = 30; name = ofxCvHaarFinder.cpp; path = ../../addons/ofxOpenCv/src/ofxCvHaarFinder.cpp; sourceTree = SOURCE_ROOT; };
		B1338838BDB85E9D54CDA1C7 /* nn_index.h */ = {isa = PBXFileReference; explicitFileType = sourcecode.c.h; fileEncoding = 30; name = nn_index.h; path = ../../addons/ofxOpenCv/libs/opencv/include/opencv2/flann/nn_index.h; sourceTree = SOURCE_ROOT; };
		B54F14A0900F41ADFB2D15DF /* params.h */ = {isa = PBXFileReference; explicitFileType = sourcecode.c.h; fileEncoding = 30; name = params.h; path = ../../addons/ofxOpenCv/libs/opencv/include/opencv2/flann/params.h; sourceTree = SOURCE_ROOT; };
		B5CD2145022DD87DE1399DCA /* cxmisc.h */ = {isa = PBXFileReference; explicitFileType = sourcecode.c.h; fileEncoding = 30; name = cxmisc.h; path = ../../addons/ofxOpenCv/libs/opencv/include/opencv/cxmisc.h; sourceTree = SOURCE_ROOT; };
		B647C46D3728CF38EDFC625B /* ofxCvShortImage.cpp */ = {isa = PBXFileReference; explicitFileType = sourcecode.cpp.cpp; fileEncoding = 30; name = ofxCvShortImage.cpp; path = ../../addons/ofxOpenCv/src/ofxCvShortImage.cpp; sourceTree = SOURCE_ROOT; };
		B6A0795CAF712D189167A3FA /* imgproc_c.h */ = {isa = PBXFileReference; explicitFileType = sourcecode.c.h; fileEncoding = 30; name = imgproc_c.h; path = ../../addons/ofxOpenCv/libs/opencv/include/opencv2/imgproc/imgproc_c.h; sourceTree = SOURCE_ROOT; };
		B845D23042DF20839C788FDC /* composite_index.h */ = {isa = PBXFileReference; explicitFileType = sourcecode.c.h; fileEncoding = 30; name = composite_index.h; path = ../../addons/ofxOpenCv/libs/opencv/include/opencv2/flann/composite_index.h; sourceTree = SOURCE_ROOT; };
		BB12C04D0831209B93E7E90D /* ofxCvHaarFinder.h */ = {isa = PBXFileReference; explicitFileType = sourcecode.c.h; fileEncoding = 30; name = ofxCvHaarFinder.h; path = ../../addons/ofxOpenCv/src/ofxCvHaarFinder.h; sourceTree = SOURCE_ROOT; };
		BBAB23BE13894E4700AA2426 /* GLUT.framework */ = {isa = PBXFileReference; lastKnownFileType = wrapper.framework; name = GLUT.framework; path = ../../libs/glut/lib/osx/GLUT.framework; sourceTree = "<group>"; };
		BE72F3EEA039BF7103F13CDA /* MiscTools.h */ = {isa = PBXFileReference; explicitFileType = sourcecode.c.h; fileEncoding = 30; name = MiscTools.h; path = ../../addons/ofxMacamPs3Eye/src/macam/include/MiscTools.h; sourceTree = SOURCE_ROOT; };
		BEA86F93D6BFAC2EE5D9D7C3 /* ofxCvColorImage.cpp */ = {isa = PBXFileReference; explicitFileType = sourcecode.cpp.cpp; fileEncoding = 30; name = ofxCvColorImage.cpp; path = ../../addons/ofxOpenCv/src/ofxCvColorImage.cpp; sourceTree = SOURCE_ROOT; };
		C2AA2220247AE4C04CC7BFD2 /* ofxMacamPs3Eye.mm */ = {isa = PBXFileReference; explicitFileType = sourcecode.cpp.objcpp; fileEncoding = 30; name = ofxMacamPs3Eye.mm; path = ../../addons/ofxMacamPs3Eye/src/ofxMacamPs3Eye.mm; sourceTree = SOURCE_ROOT; };
		C4FEB98C8FD6691CB7BB9B40 /* timer.h */ = {isa = PBXFileReference; explicitFileType = sourcecode.c.h; fileEncoding = 30; name = timer.h; path = ../../addons/ofxOpenCv/libs/opencv/include/opencv2/flann/timer.h; sourceTree = SOURCE_ROOT; };
		C5E49BBA2137B5D3C56510C4 /* ofxCvContourFinder.h */ = {isa = PBXFileReference; explicitFileType = sourcecode.c.h; fileEncoding = 30; name = ofxCvContourFinder.h; path = ../../addons/ofxOpenCv/src/ofxCvContourFinder.h; sourceTree = SOURCE_ROOT; };
		CA9A51C6188B1305BBE72335 /* core.hpp */ = {isa = PBXFileReference; explicitFileType = sourcecode.c.h; fileEncoding = 30; name = core.hpp; path = ../../addons/ofxOpenCv/libs/opencv/include/opencv2/core/core.hpp; sourceTree = SOURCE_ROOT; };
		CE77F9F95A2D52802B4F8874 /* ground_truth.h */ = {isa = PBXFileReference; explicitFileType = sourcecode.c.h; fileEncoding = 30; name = ground_truth.h; path = ../../addons/ofxOpenCv/libs/opencv/include/opencv2/flann/ground_truth.h; sourceTree = SOURCE_ROOT; };
		CEC0A65B640729CFBF05911A /* ofxCvFloatImage.cpp */ = {isa = PBXFileReference; explicitFileType = sourcecode.cpp.cpp; fileEncoding = 30; name = ofxCvFloatImage.cpp; path = ../../addons/ofxOpenCv/src/ofxCvFloatImage.cpp; sourceTree = SOURCE_ROOT; };
		CEE147F318F3124E6148B8C5 /* internal.hpp */ = {isa = PBXFileReference; explicitFileType = sourcecode.c.h; fileEncoding = 30; name = internal.hpp; path = ../../addons/ofxOpenCv/libs/opencv/include/opencv2/core/internal.hpp; sourceTree = SOURCE_ROOT; };
		D1484D2806E7E5ACEEE55436 /* ofxCvImage.cpp */ = {isa = PBXFileReference; explicitFileType = sourcecode.cpp.cpp; fileEncoding = 30; name = ofxCvImage.cpp; path = ../../addons/ofxOpenCv/src/ofxCvImage.cpp; sourceTree = SOURCE_ROOT; };
		D1ECDADBDB16E576478AD767 /* ts.hpp */ = {isa = PBXFileReference; explicitFileType = sourcecode.c.h; fileEncoding = 30; name = ts.hpp; path = ../../addons/ofxOpenCv/libs/opencv/include/opencv2/ts/ts.hpp; sourceTree = SOURCE_ROOT; };
		D3CC382A582FDE8C37F7A58C /* ofxCvImage.h */ = {isa = PBXFileReference; explicitFileType = sourcecode.c.h; fileEncoding = 30; name = ofxCvImage.h; path = ../../addons/ofxOpenCv/src/ofxCvImage.h; sourceTree = SOURCE_ROOT; };
		D446810D7109FE5F6B3E0E2D /* OV534Driver.h */ = {isa = PBXFileReference; explicitFileType = sourcecode.c.h; fileEncoding = 30; name = OV534Driver.h; path = ../../addons/ofxMacamPs3Eye/src/macam/include/OV534Driver.h; sourceTree = SOURCE_ROOT; };
		D48085375648E882F2DD0A8B /* blobtrack.hpp */ = {isa = PBXFileReference; explicitFileType = sourcecode.c.h; fileEncoding = 30; name = blobtrack.hpp; path = ../../addons/ofxOpenCv/libs/opencv/include/opencv2/legacy/blobtrack.hpp; sourceTree = SOURCE_ROOT; };
		D724B49019234A5E0076C719 /* Fragment.cpp */ = {isa = PBXFileReference; fileEncoding = 4; lastKnownFileType = sourcecode.cpp.cpp; path = Fragment.cpp; sourceTree = "<group>"; };
		D724B49119234A5E0076C719 /* Fragment.h */ = {isa = PBXFileReference; fileEncoding = 4; lastKnownFileType = sourcecode.c.h; path = Fragment.h; sourceTree = "<group>"; };
		D724B49319234A690076C719 /* Limbo.cpp */ = {isa = PBXFileReference; fileEncoding = 4; lastKnownFileType = sourcecode.cpp.cpp; path = Limbo.cpp; sourceTree = "<group>"; };
		D724B49419234A690076C719 /* Limbo.h */ = {isa = PBXFileReference; fileEncoding = 4; lastKnownFileType = sourcecode.c.h; path = Limbo.h; sourceTree = "<group>"; };
		D724B49519234A690076C719 /* Particle.cpp */ = {isa = PBXFileReference; fileEncoding = 4; lastKnownFileType = sourcecode.cpp.cpp; path = Particle.cpp; sourceTree = "<group>"; };
		D724B49619234A690076C719 /* Particle.h */ = {isa = PBXFileReference; fileEncoding = 4; lastKnownFileType = sourcecode.c.h; path = Particle.h; sourceTree = "<group>"; };
		D724B49919234A690076C719 /* SunParticle.cpp */ = {isa = PBXFileReference; fileEncoding = 4; lastKnownFileType = sourcecode.cpp.cpp; path = SunParticle.cpp; sourceTree = "<group>"; };
		D724B49A19234A690076C719 /* SunParticle.h */ = {isa = PBXFileReference; fileEncoding = 4; lastKnownFileType = sourcecode.c.h; path = SunParticle.h; sourceTree = "<group>"; };
		D724B49B19234A690076C719 /* Timer.cpp */ = {isa = PBXFileReference; fileEncoding = 4; lastKnownFileType = sourcecode.cpp.cpp; path = Timer.cpp; sourceTree = "<group>"; };
		D724B49C19234A690076C719 /* Timer.h */ = {isa = PBXFileReference; fileEncoding = 4; lastKnownFileType = sourcecode.c.h; path = Timer.h; sourceTree = "<group>"; };
		D7807F04CC89FAF3870D0368 /* ofxMacamPs3Eye.h */ = {isa = PBXFileReference; explicitFileType = sourcecode.c.h; fileEncoding = 30; name = ofxMacamPs3Eye.h; path = ../../addons/ofxMacamPs3Eye/src/ofxMacamPs3Eye.h; sourceTree = SOURCE_ROOT; };
		D84500FB6969501365F37B6C /* lsh_table.h */ = {isa = PBXFileReference; explicitFileType = sourcecode.c.h; fileEncoding = 30; name = lsh_table.h; path = ../../addons/ofxOpenCv/libs/opencv/include/opencv2/flann/lsh_table.h; sourceTree = SOURCE_ROOT; };
		D923CECC93BE9FF42D8F8094 /* general.h */ = {isa = PBXFileReference; explicitFileType = sourcecode.c.h; fileEncoding = 30; name = general.h; path = ../../addons/ofxOpenCv/libs/opencv/include/opencv2/flann/general.h; sourceTree = SOURCE_ROOT; };
		DB8434B6A95834C52E38B376 /* kmeans_index.h */ = {isa = PBXFileReference; explicitFileType = sourcecode.c.h; fileEncoding = 30; name = kmeans_index.h; path = ../../addons/ofxOpenCv/libs/opencv/include/opencv2/flann/kmeans_index.h; sourceTree = SOURCE_ROOT; };
		E27247CFEDE04CDD7B0E0694 /* MiniGraphicsTools.h */ = {isa = PBXFileReference; explicitFileType = sourcecode.c.h; fileEncoding = 30; name = MiniGraphicsTools.h; path = ../../addons/ofxMacamPs3Eye/src/macam/include/MiniGraphicsTools.h; sourceTree = SOURCE_ROOT; };
		E285E7ECD522604976914280 /* highgui.hpp */ = {isa = PBXFileReference; explicitFileType = sourcecode.c.h; fileEncoding = 30; name = highgui.hpp; path = ../../addons/ofxOpenCv/libs/opencv/include/opencv2/highgui/highgui.hpp; sourceTree = SOURCE_ROOT; };
		E43148A214F6DC0133A05AE4 /* highgui_c.h */ = {isa = PBXFileReference; explicitFileType = sourcecode.c.h; fileEncoding = 30; name = highgui_c.h; path = ../../addons/ofxOpenCv/libs/opencv/include/opencv2/highgui/highgui_c.h; sourceTree = SOURCE_ROOT; };
		E4328143138ABC890047C5CB /* openFrameworksLib.xcodeproj */ = {isa = PBXFileReference; lastKnownFileType = "wrapper.pb-project"; name = openFrameworksLib.xcodeproj; path = ../../libs/openFrameworksCompiled/project/osx/openFrameworksLib.xcodeproj; sourceTree = SOURCE_ROOT; };
		E45BE9710E8CC7DD009D7055 /* AGL.framework */ = {isa = PBXFileReference; lastKnownFileType = wrapper.framework; name = AGL.framework; path = /System/Library/Frameworks/AGL.framework; sourceTree = "<absolute>"; };
		E45BE9720E8CC7DD009D7055 /* ApplicationServices.framework */ = {isa = PBXFileReference; lastKnownFileType = wrapper.framework; name = ApplicationServices.framework; path = /System/Library/Frameworks/ApplicationServices.framework; sourceTree = "<absolute>"; };
		E45BE9730E8CC7DD009D7055 /* AudioToolbox.framework */ = {isa = PBXFileReference; lastKnownFileType = wrapper.framework; name = AudioToolbox.framework; path = /System/Library/Frameworks/AudioToolbox.framework; sourceTree = "<absolute>"; };
		E45BE9740E8CC7DD009D7055 /* Carbon.framework */ = {isa = PBXFileReference; lastKnownFileType = wrapper.framework; name = Carbon.framework; path = /System/Library/Frameworks/Carbon.framework; sourceTree = "<absolute>"; };
		E45BE9750E8CC7DD009D7055 /* CoreAudio.framework */ = {isa = PBXFileReference; lastKnownFileType = wrapper.framework; name = CoreAudio.framework; path = /System/Library/Frameworks/CoreAudio.framework; sourceTree = "<absolute>"; };
		E45BE9760E8CC7DD009D7055 /* CoreFoundation.framework */ = {isa = PBXFileReference; lastKnownFileType = wrapper.framework; name = CoreFoundation.framework; path = /System/Library/Frameworks/CoreFoundation.framework; sourceTree = "<absolute>"; };
		E45BE9770E8CC7DD009D7055 /* CoreServices.framework */ = {isa = PBXFileReference; lastKnownFileType = wrapper.framework; name = CoreServices.framework; path = /System/Library/Frameworks/CoreServices.framework; sourceTree = "<absolute>"; };
		E45BE9790E8CC7DD009D7055 /* OpenGL.framework */ = {isa = PBXFileReference; lastKnownFileType = wrapper.framework; name = OpenGL.framework; path = /System/Library/Frameworks/OpenGL.framework; sourceTree = "<absolute>"; };
		E45BE97A0E8CC7DD009D7055 /* QuickTime.framework */ = {isa = PBXFileReference; lastKnownFileType = wrapper.framework; name = QuickTime.framework; path = /System/Library/Frameworks/QuickTime.framework; sourceTree = "<absolute>"; };
		E4B69B5B0A3A1756003C02F2 /* Spacetime_Explorer_v8_Star_AnatomyDebug.app */ = {isa = PBXFileReference; explicitFileType = wrapper.application; includeInIndex = 0; path = Spacetime_Explorer_v8_Star_AnatomyDebug.app; sourceTree = BUILT_PRODUCTS_DIR; };
		E4B69E1D0A3A1BDC003C02F2 /* main.cpp */ = {isa = PBXFileReference; fileEncoding = 30; lastKnownFileType = sourcecode.cpp.cpp; name = main.cpp; path = src/main.cpp; sourceTree = SOURCE_ROOT; };
		E4B69E1E0A3A1BDC003C02F2 /* testApp.cpp */ = {isa = PBXFileReference; explicitFileType = sourcecode.cpp.cpp; fileEncoding = 30; name = testApp.cpp; path = src/testApp.cpp; sourceTree = SOURCE_ROOT; };
		E4B69E1F0A3A1BDC003C02F2 /* testApp.h */ = {isa = PBXFileReference; fileEncoding = 30; lastKnownFileType = sourcecode.c.h; name = testApp.h; path = src/testApp.h; sourceTree = SOURCE_ROOT; };
		E4B6FCAD0C3E899E008CF71C /* openFrameworks-Info.plist */ = {isa = PBXFileReference; fileEncoding = 30; lastKnownFileType = text.plist.xml; path = "openFrameworks-Info.plist"; sourceTree = "<group>"; };
		E4C2424410CC5A17004149E2 /* AppKit.framework */ = {isa = PBXFileReference; lastKnownFileType = wrapper.framework; name = AppKit.framework; path = /System/Library/Frameworks/AppKit.framework; sourceTree = "<absolute>"; };
		E4C2424510CC5A17004149E2 /* Cocoa.framework */ = {isa = PBXFileReference; lastKnownFileType = wrapper.framework; name = Cocoa.framework; path = /System/Library/Frameworks/Cocoa.framework; sourceTree = "<absolute>"; };
		E4C2424610CC5A17004149E2 /* IOKit.framework */ = {isa = PBXFileReference; lastKnownFileType = wrapper.framework; name = IOKit.framework; path = /System/Library/Frameworks/IOKit.framework; sourceTree = "<absolute>"; };
		E4EB691F138AFCF100A09F29 /* CoreOF.xcconfig */ = {isa = PBXFileReference; fileEncoding = 4; lastKnownFileType = text.xcconfig; name = CoreOF.xcconfig; path = ../../libs/openFrameworksCompiled/project/osx/CoreOF.xcconfig; sourceTree = SOURCE_ROOT; };
		E4EB6923138AFD0F00A09F29 /* Project.xcconfig */ = {isa = PBXFileReference; fileEncoding = 4; lastKnownFileType = text.xcconfig; path = Project.xcconfig; sourceTree = "<group>"; };
		E7E077E415D3B63C0020DFD4 /* CoreVideo.framework */ = {isa = PBXFileReference; lastKnownFileType = wrapper.framework; name = CoreVideo.framework; path = /System/Library/Frameworks/CoreVideo.framework; sourceTree = "<absolute>"; };
		E7E077E715D3B6510020DFD4 /* QTKit.framework */ = {isa = PBXFileReference; lastKnownFileType = wrapper.framework; name = QTKit.framework; path = /System/Library/Frameworks/QTKit.framework; sourceTree = "<absolute>"; };
		E7F985F515E0DE99003869B5 /* Accelerate.framework */ = {isa = PBXFileReference; lastKnownFileType = wrapper.framework; name = Accelerate.framework; path = /System/Library/Frameworks/Accelerate.framework; sourceTree = "<absolute>"; };
		E85BD26E965F514EAF8E559D /* flann.hpp */ = {isa = PBXFileReference; explicitFileType = sourcecode.c.h; fileEncoding = 30; name = flann.hpp; path = ../../addons/ofxOpenCv/libs/opencv/include/opencv2/flann/flann.hpp; sourceTree = SOURCE_ROOT; };
		EE8D900AC87DAED879FE4ABF /* FrameCounter.m */ = {isa = PBXFileReference; explicitFileType = sourcecode.cpp.objcpp; fileEncoding = 30; name = FrameCounter.m; path = ../../addons/ofxMacamPs3Eye/src/macam/FrameCounter.m; sourceTree = SOURCE_ROOT; };
		EF4CE49E59F7962D3FC6D99F /* cv.h */ = {isa = PBXFileReference; explicitFileType = sourcecode.c.h; fileEncoding = 30; name = cv.h; path = ../../addons/ofxOpenCv/libs/opencv/include/opencv/cv.h; sourceTree = SOURCE_ROOT; };
		F3980DE58DF7B0A4396169C0 /* dummy.h */ = {isa = PBXFileReference; explicitFileType = sourcecode.c.h; fileEncoding = 30; name = dummy.h; path = ../../addons/ofxOpenCv/libs/opencv/include/opencv2/flann/dummy.h; sourceTree = SOURCE_ROOT; };
		F3B6297221E0181AA0803152 /* compat.hpp */ = {isa = PBXFileReference; explicitFileType = sourcecode.c.h; fileEncoding = 30; name = compat.hpp; path = ../../addons/ofxOpenCv/libs/opencv/include/opencv2/legacy/compat.hpp; sourceTree = SOURCE_ROOT; };
		F67FC72CB09747C314A7E48C /* contrib.hpp */ = {isa = PBXFileReference; explicitFileType = sourcecode.c.h; fileEncoding = 30; name = contrib.hpp; path = ../../addons/ofxOpenCv/libs/opencv/include/opencv2/contrib/contrib.hpp; sourceTree = SOURCE_ROOT; };
		F7A3590571BF9C9BB7A30F02 /* result_set.h */ = {isa = PBXFileReference; explicitFileType = sourcecode.c.h; fileEncoding = 30; name = result_set.h; path = ../../addons/ofxOpenCv/libs/opencv/include/opencv2/flann/result_set.h; sourceTree = SOURCE_ROOT; };
		F834F139F5738A194B9C124E /* eigen.hpp */ = {isa = PBXFileReference; explicitFileType = sourcecode.c.h; fileEncoding = 30; name = eigen.hpp; path = ../../addons/ofxOpenCv/libs/opencv/include/opencv2/core/eigen.hpp; sourceTree = SOURCE_ROOT; };
		FAF0A4B7C594D462AC6EB826 /* MyCameraInfo.m */ = {isa = PBXFileReference; explicitFileType = sourcecode.cpp.objcpp; fileEncoding = 30; name = MyCameraInfo.m; path = ../../addons/ofxMacamPs3Eye/src/macam/MyCameraInfo.m; sourceTree = SOURCE_ROOT; };
		FB410DABA2830E8BCC40E05E /* heap.h */ = {isa = PBXFileReference; explicitFileType = sourcecode.c.h; fileEncoding = 30; name = heap.h; path = ../../addons/ofxOpenCv/libs/opencv/include/opencv2/flann/heap.h; sourceTree = SOURCE_ROOT; };
		FECD5E1BCCA5F58ADCEA1E09 /* highgui.h */ = {isa = PBXFileReference; explicitFileType = sourcecode.c.h; fileEncoding = 30; name = highgui.h; path = ../../addons/ofxOpenCv/libs/opencv/include/opencv/highgui.h; sourceTree = SOURCE_ROOT; };
/* End PBXFileReference section */

/* Begin PBXFrameworksBuildPhase section */
		E4B69B590A3A1756003C02F2 /* Frameworks */ = {
			isa = PBXFrameworksBuildPhase;
			buildActionMask = 2147483647;
			files = (
				E7F985F815E0DEA3003869B5 /* Accelerate.framework in Frameworks */,
				E7E077E815D3B6510020DFD4 /* QTKit.framework in Frameworks */,
				E4EB6799138ADC1D00A09F29 /* GLUT.framework in Frameworks */,
				E4328149138ABC9F0047C5CB /* openFrameworksDebug.a in Frameworks */,
				E45BE97B0E8CC7DD009D7055 /* AGL.framework in Frameworks */,
				E45BE97C0E8CC7DD009D7055 /* ApplicationServices.framework in Frameworks */,
				E45BE97D0E8CC7DD009D7055 /* AudioToolbox.framework in Frameworks */,
				E45BE97E0E8CC7DD009D7055 /* Carbon.framework in Frameworks */,
				E45BE97F0E8CC7DD009D7055 /* CoreAudio.framework in Frameworks */,
				E45BE9800E8CC7DD009D7055 /* CoreFoundation.framework in Frameworks */,
				E45BE9810E8CC7DD009D7055 /* CoreServices.framework in Frameworks */,
				E45BE9830E8CC7DD009D7055 /* OpenGL.framework in Frameworks */,
				E45BE9840E8CC7DD009D7055 /* QuickTime.framework in Frameworks */,
				E4C2424710CC5A17004149E2 /* AppKit.framework in Frameworks */,
				E4C2424810CC5A17004149E2 /* Cocoa.framework in Frameworks */,
				E4C2424910CC5A17004149E2 /* IOKit.framework in Frameworks */,
				E7E077E515D3B63C0020DFD4 /* CoreVideo.framework in Frameworks */,
			);
			runOnlyForDeploymentPostprocessing = 0;
		};
/* End PBXFrameworksBuildPhase section */

/* Begin PBXGroup section */
		0478E60892BF4C0731AE0763 /* ts */ = {
			isa = PBXGroup;
			children = (
				D1ECDADBDB16E576478AD767 /* ts.hpp */,
				2B61A2D69530C86CFBE2CB65 /* ts_gtest.h */,
			);
			name = ts;
			sourceTree = "<group>";
		};
		0F07FE174552DEF007BF5AD5 /* opencv2 */ = {
			isa = PBXGroup;
			children = (
				428EB732FD42504F37BCA78A /* calib3d */,
				170C3384C93B182490DDC9CC /* contrib */,
				A5A3A2F98919E2243C73199C /* core */,
				86FEC009E2721D0FB23338D7 /* features2d */,
				1E45F8C3CCFF6847BFF957AA /* flann */,
				5236346776DB8ECC4B121CA3 /* gpu */,
				9C99831C330874C2B245AB48 /* highgui */,
				3E44059DCBC2444D65660B9C /* imgproc */,
				961A625BD21068033782887C /* legacy */,
				0F288FD421D474F4AE2684D3 /* ml */,
				D0CAFE48EE488EEED9149670 /* objdetect */,
				85B3C7B86B76F0358F049F64 /* opencv.hpp */,
				0478E60892BF4C0731AE0763 /* ts */,
				C58CC92A5283B95AA31D50FB /* video */,
			);
			name = opencv2;
			sourceTree = "<group>";
		};
		0F288FD421D474F4AE2684D3 /* ml */ = {
			isa = PBXGroup;
			children = (
				AC3CF2E9C5449C5123DC5C47 /* ml.hpp */,
			);
			name = ml;
			sourceTree = "<group>";
		};
		11B655511D84B97D78AB06E6 /* macam */ = {
			isa = PBXGroup;
			children = (
				7418082B9AF77B910E23B292 /* AGC.m */,
				95B3636DE7372B8DFC77FECC /* BayerConverter.m */,
				2B13FA50EBFD53806D00D2D3 /* ControllerInterface.m */,
				EE8D900AC87DAED879FE4ABF /* FrameCounter.m */,
				450877C683D368FDCEF08E71 /* GenericDriver.m */,
				18FA78573E3DEDCF46DB814B /* Histogram.m */,
				F8614FF489415B4BE9008A09 /* include */,
				6E24C014F7CBB13E96ABE727 /* LookUpTable.m */,
				7B3E7646E5C37ADFFFE710A7 /* MiniGraphicsTools.cpp */,
				0C30F9856B3D65EA406D3065 /* MiscTools.cpp */,
				2BE043168C9816544F170A3A /* MyCameraCentral.m */,
				63141B22C38C7B165D9E5213 /* MyCameraDriver.m */,
				FAF0A4B7C594D462AC6EB826 /* MyCameraInfo.m */,
				9677D62506EC0684ECD7A0DF /* OV534Driver.m */,
				0FDFF112D0172D51E603A52D /* Resolvers.cpp */,
				562BA3B85C4AA97FA080E9FC /* Sensor.m */,
			);
			name = macam;
			sourceTree = "<group>";
		};
		13EBFBD5A535D9F601941AC0 /* ofxMacamPs3Eye */ = {
			isa = PBXGroup;
			children = (
				E5E0522C87296AA711734050 /* src */,
			);
			name = ofxMacamPs3Eye;
			sourceTree = "<group>";
		};
		170C3384C93B182490DDC9CC /* contrib */ = {
			isa = PBXGroup;
			children = (
				F67FC72CB09747C314A7E48C /* contrib.hpp */,
				37565F9A6A9BAB83933F9F09 /* retina.hpp */,
			);
			name = contrib;
			sourceTree = "<group>";
		};
		1E45F8C3CCFF6847BFF957AA /* flann */ = {
			isa = PBXGroup;
			children = (
				875DFFD0B7EF7D7F1DE6783C /* all_indices.h */,
				4F9551C3FBF848DF89031F48 /* allocator.h */,
				40FA6EB56122C95578919F5E /* any.h */,
				4F2523686D5C62AE6A908D37 /* autotuned_index.h */,
				B845D23042DF20839C788FDC /* composite_index.h */,
				93AEB960169F558DA43ADE28 /* config.h */,
				3CF911870940E533C72C5C3D /* defines.h */,
				02248182416165E37BF8B6D3 /* dist.h */,
				F3980DE58DF7B0A4396169C0 /* dummy.h */,
				1A5BD1A56E2B04BD6C212A63 /* dynamic_bitset.h */,
				E85BD26E965F514EAF8E559D /* flann.hpp */,
				2F6A7D3BF4694D651E3F3B70 /* flann_base.hpp */,
				D923CECC93BE9FF42D8F8094 /* general.h */,
				CE77F9F95A2D52802B4F8874 /* ground_truth.h */,
				A1D1DE109833A1A613935019 /* hdf5.h */,
				FB410DABA2830E8BCC40E05E /* heap.h */,
				149EC2D5803444BC98F68EA7 /* hierarchical_clustering_index.h */,
				189C2C29EB8896D8476CA771 /* index_testing.h */,
				739B26286FE49235D3754BC0 /* kdtree_index.h */,
				2F3714ED9FA28845B6C06ED7 /* kdtree_single_index.h */,
				DB8434B6A95834C52E38B376 /* kmeans_index.h */,
				4290CF699587C21860622709 /* linear_index.h */,
				6ADD271F71E5CF8161B45109 /* logger.h */,
				3CC741100B92BDA61AE0539B /* lsh_index.h */,
				D84500FB6969501365F37B6C /* lsh_table.h */,
				59E7025DD3988EC444200EEE /* matrix.h */,
				4544758CCDE8420309DFAB7E /* miniflann.hpp */,
				B1338838BDB85E9D54CDA1C7 /* nn_index.h */,
				377DC4911D8323C5BCDE358C /* object_factory.h */,
				B54F14A0900F41ADFB2D15DF /* params.h */,
				5E3DC78BDF18B305E356514A /* random.h */,
				F7A3590571BF9C9BB7A30F02 /* result_set.h */,
				427E339F3028FB9BD2583091 /* sampling.h */,
				5EC47C2AA32281D0EA6D9907 /* saving.h */,
				9C4BEBB5B382B57CF9725AF3 /* simplex_downhill.h */,
				C4FEB98C8FD6691CB7BB9B40 /* timer.h */,
			);
			name = flann;
			sourceTree = "<group>";
		};
		348096EAEFAC358FDD5E584A /* src */ = {
			isa = PBXGroup;
			children = (
				A7AB4BFD5B73439D5850E763 /* ofxAutoReloadedShader.cpp */,
				0AE21A078F714613FD5D6CDE /* ofxAutoReloadedShader.h */,
			);
			name = src;
			sourceTree = "<group>";
		};
		38A85F4B8B6D987F0B0390B2 /* ofxAutoReloadedShader */ = {
			isa = PBXGroup;
			children = (
				348096EAEFAC358FDD5E584A /* src */,
			);
			name = ofxAutoReloadedShader;
			sourceTree = "<group>";
		};
		3E44059DCBC2444D65660B9C /* imgproc */ = {
			isa = PBXGroup;
			children = (
				2BBA11627E73633AC56D854F /* imgproc.hpp */,
				B6A0795CAF712D189167A3FA /* imgproc_c.h */,
				217416037D6BECCA57032287 /* types_c.h */,
			);
			name = imgproc;
			sourceTree = "<group>";
		};
		428EB732FD42504F37BCA78A /* calib3d */ = {
			isa = PBXGroup;
			children = (
				17964CEE60E51DCFA80FE3FF /* calib3d.hpp */,
			);
			name = calib3d;
			sourceTree = "<group>";
		};
		5236346776DB8ECC4B121CA3 /* gpu */ = {
			isa = PBXGroup;
			children = (
				79294254C5A26639AA565C63 /* devmem2d.hpp */,
				16C42549454E205E4A4248D2 /* gpu.hpp */,
				48213A907638718C4206147B /* gpumat.hpp */,
				45880FFA3231CAA0144404DB /* matrix_operations.hpp */,
				4B6505ED9C6446DF9FB6AE8A /* stream_accessor.hpp */,
			);
			name = gpu;
			sourceTree = "<group>";
		};
		737B033AA777B67BA4F8F4D2 /* opencv */ = {
			isa = PBXGroup;
			children = (
				EF4CE49E59F7962D3FC6D99F /* cv.h */,
				688CF4088F807990CBF982F4 /* cv.hpp */,
				014EB235B442BDC154E2B4D9 /* cvaux.h */,
				3C2E2D712302594BA928C908 /* cvaux.hpp */,
				90D90726DAE413AB97A99C96 /* cvwimage.h */,
				0D6081D94E2B01A410FBF701 /* cxcore.h */,
				328D3F9EC72E83441FBB1964 /* cxcore.hpp */,
				8D2763C32AE49E5211F562F3 /* cxeigen.hpp */,
				B5CD2145022DD87DE1399DCA /* cxmisc.h */,
				FECD5E1BCCA5F58ADCEA1E09 /* highgui.h */,
				72B09CED9EDEB5AF9DE0104C /* ml.h */,
			);
			name = opencv;
			sourceTree = "<group>";
		};
		86FEC009E2721D0FB23338D7 /* features2d */ = {
			isa = PBXGroup;
			children = (
				0471EAB9E74A15026488D972 /* features2d.hpp */,
			);
			name = features2d;
			sourceTree = "<group>";
		};
		961A625BD21068033782887C /* legacy */ = {
			isa = PBXGroup;
			children = (
				D48085375648E882F2DD0A8B /* blobtrack.hpp */,
				F3B6297221E0181AA0803152 /* compat.hpp */,
				0F8287467456A6632713E15B /* legacy.hpp */,
				73D2DFC7194C57675EC63F0E /* streams.hpp */,
			);
			name = legacy;
			sourceTree = "<group>";
		};
		9C99831C330874C2B245AB48 /* highgui */ = {
			isa = PBXGroup;
			children = (
				E285E7ECD522604976914280 /* highgui.hpp */,
				E43148A214F6DC0133A05AE4 /* highgui_c.h */,
			);
			name = highgui;
			sourceTree = "<group>";
		};
		A0B90D3B0ADB9C1716816714 /* ofxOpenCv */ = {
			isa = PBXGroup;
			children = (
				C756CAAFD542831674E15FE6 /* src */,
				DCC60D6724B56635AE867535 /* libs */,
			);
			name = ofxOpenCv;
			sourceTree = "<group>";
		};
		A5A3A2F98919E2243C73199C /* core */ = {
			isa = PBXGroup;
			children = (
				CA9A51C6188B1305BBE72335 /* core.hpp */,
				797A8282101F29D144C57B64 /* core_c.h */,
				F834F139F5738A194B9C124E /* eigen.hpp */,
				CEE147F318F3124E6148B8C5 /* internal.hpp */,
				B021E9EFDF732FC0B0232318 /* mat.hpp */,
				547A933DA9D18C873D986A2B /* operations.hpp */,
				4D2B970F7E2D8AB7F8A28736 /* types_c.h */,
				8D9A1009207B773EBC732059 /* version.hpp */,
				2E60D09E7C352EE54EDEBB1A /* wimage.hpp */,
			);
			name = core;
			sourceTree = "<group>";
		};
		AAA97F42C2FE4A31ECFD0585 /* opencv */ = {
			isa = PBXGroup;
			children = (
				F9F05170CB9BDF47DA2B6E6A /* include */,
			);
			name = opencv;
			sourceTree = "<group>";
		};
		BB4B014C10F69532006C3DED /* addons */ = {
			isa = PBXGroup;
			children = (
				A0B90D3B0ADB9C1716816714 /* ofxOpenCv */,
				38A85F4B8B6D987F0B0390B2 /* ofxAutoReloadedShader */,
				13EBFBD5A535D9F601941AC0 /* ofxMacamPs3Eye */,
			);
			name = addons;
			sourceTree = "<group>";
		};
		BBAB23C913894ECA00AA2426 /* system frameworks */ = {
			isa = PBXGroup;
			children = (
				E7F985F515E0DE99003869B5 /* Accelerate.framework */,
				E4C2424410CC5A17004149E2 /* AppKit.framework */,
				E4C2424510CC5A17004149E2 /* Cocoa.framework */,
				E4C2424610CC5A17004149E2 /* IOKit.framework */,
				E45BE9710E8CC7DD009D7055 /* AGL.framework */,
				E45BE9720E8CC7DD009D7055 /* ApplicationServices.framework */,
				E45BE9730E8CC7DD009D7055 /* AudioToolbox.framework */,
				E45BE9740E8CC7DD009D7055 /* Carbon.framework */,
				E45BE9750E8CC7DD009D7055 /* CoreAudio.framework */,
				E45BE9760E8CC7DD009D7055 /* CoreFoundation.framework */,
				E45BE9770E8CC7DD009D7055 /* CoreServices.framework */,
				E45BE9790E8CC7DD009D7055 /* OpenGL.framework */,
				E45BE97A0E8CC7DD009D7055 /* QuickTime.framework */,
				E7E077E415D3B63C0020DFD4 /* CoreVideo.framework */,
				E7E077E715D3B6510020DFD4 /* QTKit.framework */,
			);
			name = "system frameworks";
			sourceTree = "<group>";
		};
		BBAB23CA13894EDB00AA2426 /* 3rd party frameworks */ = {
			isa = PBXGroup;
			children = (
				BBAB23BE13894E4700AA2426 /* GLUT.framework */,
			);
			name = "3rd party frameworks";
			sourceTree = "<group>";
		};
		C58CC92A5283B95AA31D50FB /* video */ = {
			isa = PBXGroup;
			children = (
				4783972A174D4413B88F8AFD /* background_segm.hpp */,
				7DBFDBDB76046177350612D2 /* tracking.hpp */,
				8E0D8EA266C129C148918B81 /* video.hpp */,
			);
			name = video;
			sourceTree = "<group>";
		};
		C756CAAFD542831674E15FE6 /* src */ = {
			isa = PBXGroup;
			children = (
				4D05A05EE7260048569D1077 /* ofxCvBlob.h */,
				BEA86F93D6BFAC2EE5D9D7C3 /* ofxCvColorImage.cpp */,
				307149AFFC2C2950B9990326 /* ofxCvColorImage.h */,
				2F92FA578B5EAEB49229F4EF /* ofxCvConstants.h */,
				4A3B118E824B20B86DF7DE58 /* ofxCvContourFinder.cpp */,
				C5E49BBA2137B5D3C56510C4 /* ofxCvContourFinder.h */,
				CEC0A65B640729CFBF05911A /* ofxCvFloatImage.cpp */,
				236E08D304C8C1F4EFD3620C /* ofxCvFloatImage.h */,
				6ADC1729A74FA3C4546C8168 /* ofxCvGrayscaleImage.cpp */,
				77C5804FE62B44A0DAAD80AE /* ofxCvGrayscaleImage.h */,
				B12400EDB0EE58FFA423EE0E /* ofxCvHaarFinder.cpp */,
				BB12C04D0831209B93E7E90D /* ofxCvHaarFinder.h */,
				D1484D2806E7E5ACEEE55436 /* ofxCvImage.cpp */,
				D3CC382A582FDE8C37F7A58C /* ofxCvImage.h */,
				9E6AE7B56ACCF9357B7D3D1A /* ofxCvMain.h */,
				B647C46D3728CF38EDFC625B /* ofxCvShortImage.cpp */,
				4144FB0C3ECE2DEF836458C5 /* ofxCvShortImage.h */,
				09DF232742611E8F9441A2B9 /* ofxOpenCv.h */,
			);
			name = src;
			sourceTree = "<group>";
		};
		D0CAFE48EE488EEED9149670 /* objdetect */ = {
			isa = PBXGroup;
			children = (
				7580327005E2ED2C282261D4 /* objdetect.hpp */,
			);
			name = objdetect;
			sourceTree = "<group>";
		};
		DCC60D6724B56635AE867535 /* libs */ = {
			isa = PBXGroup;
			children = (
				AAA97F42C2FE4A31ECFD0585 /* opencv */,
			);
			name = libs;
			sourceTree = "<group>";
		};
		E4328144138ABC890047C5CB /* Products */ = {
			isa = PBXGroup;
			children = (
				E4328148138ABC890047C5CB /* openFrameworksDebug.a */,
			);
			name = Products;
			sourceTree = "<group>";
		};
		E45BE5980E8CC70C009D7055 /* frameworks */ = {
			isa = PBXGroup;
			children = (
				BBAB23CA13894EDB00AA2426 /* 3rd party frameworks */,
				BBAB23C913894ECA00AA2426 /* system frameworks */,
			);
			name = frameworks;
			sourceTree = "<group>";
		};
		E4B69B4A0A3A1720003C02F2 = {
			isa = PBXGroup;
			children = (
				E4B6FCAD0C3E899E008CF71C /* openFrameworks-Info.plist */,
				E4EB6923138AFD0F00A09F29 /* Project.xcconfig */,
				E4B69E1C0A3A1BDC003C02F2 /* src */,
				E4EEC9E9138DF44700A80321 /* openFrameworks */,
				BB4B014C10F69532006C3DED /* addons */,
				E45BE5980E8CC70C009D7055 /* frameworks */,
				E4B69B5B0A3A1756003C02F2 /* Spacetime_Explorer_v8_Star_AnatomyDebug.app */,
			);
			sourceTree = "<group>";
		};
		E4B69E1C0A3A1BDC003C02F2 /* src */ = {
			isa = PBXGroup;
			children = (
				D724B49319234A690076C719 /* Limbo.cpp */,
				D724B49419234A690076C719 /* Limbo.h */,
				D724B49519234A690076C719 /* Particle.cpp */,
				D724B49619234A690076C719 /* Particle.h */,
				D724B49919234A690076C719 /* SunParticle.cpp */,
				D724B49A19234A690076C719 /* SunParticle.h */,
				D724B49B19234A690076C719 /* Timer.cpp */,
				D724B49C19234A690076C719 /* Timer.h */,
				D724B49019234A5E0076C719 /* Fragment.cpp */,
				D724B49119234A5E0076C719 /* Fragment.h */,
				E4B69E1D0A3A1BDC003C02F2 /* main.cpp */,
				E4B69E1E0A3A1BDC003C02F2 /* testApp.cpp */,
				E4B69E1F0A3A1BDC003C02F2 /* testApp.h */,
			);
			path = src;
			sourceTree = SOURCE_ROOT;
		};
		E4EEC9E9138DF44700A80321 /* openFrameworks */ = {
			isa = PBXGroup;
			children = (
				E4EB691F138AFCF100A09F29 /* CoreOF.xcconfig */,
				E4328143138ABC890047C5CB /* openFrameworksLib.xcodeproj */,
			);
			name = openFrameworks;
			sourceTree = "<group>";
		};
		E5E0522C87296AA711734050 /* src */ = {
			isa = PBXGroup;
			children = (
				11B655511D84B97D78AB06E6 /* macam */,
				D7807F04CC89FAF3870D0368 /* ofxMacamPs3Eye.h */,
				C2AA2220247AE4C04CC7BFD2 /* ofxMacamPs3Eye.mm */,
				1B0A2AD3BC6B869F61380AF8 /* PS3EyeWindowAppDelegate.h */,
				24AA536744694D940201E58F /* PS3EyeWindowAppDelegate.m */,
			);
			name = src;
			sourceTree = "<group>";
		};
		F8614FF489415B4BE9008A09 /* include */ = {
			isa = PBXGroup;
			children = (
				8BBCFA678E70CBD8162F4F16 /* AGC.h */,
				90042465506E325A95B1E7B8 /* BayerConverter.h */,
				A5F12C10DDC6B97B57C031A9 /* ControllerInterface.h */,
				9665E50146912933224980B5 /* FrameCounter.h */,
				81727EEC399392BD11A45A6C /* GenericDriver.h */,
				813C94E895EFBEB751C7E3E4 /* GlobalDefs.h */,
				1A9B143BA7B90EA12E07E99C /* Histogram.h */,
				9BD3451AFD64C02B0CDA7721 /* LookUpTable.h */,
				E27247CFEDE04CDD7B0E0694 /* MiniGraphicsTools.h */,
				BE72F3EEA039BF7103F13CDA /* MiscTools.h */,
				7961BA1E329067E30634031B /* MyCameraCentral.h */,
				79F119BFBBCA1E9F31B25A47 /* MyCameraDriver.h */,
				856A59EA3B178691675FC18B /* MyCameraInfo.h */,
				D446810D7109FE5F6B3E0E2D /* OV534Driver.h */,
				8D8BD671DD9CA7C78680673B /* Resolvers.h */,
				1D28AC9B8065ED451822ADAE /* Sensor.h */,
			);
			name = include;
			sourceTree = "<group>";
		};
		F9F05170CB9BDF47DA2B6E6A /* include */ = {
			isa = PBXGroup;
			children = (
				737B033AA777B67BA4F8F4D2 /* opencv */,
				0F07FE174552DEF007BF5AD5 /* opencv2 */,
			);
			name = include;
			sourceTree = "<group>";
		};
/* End PBXGroup section */

/* Begin PBXNativeTarget section */
		E4B69B5A0A3A1756003C02F2 /* Spacetime_Explorer_v8_Star_Anatomy */ = {
			isa = PBXNativeTarget;
			buildConfigurationList = E4B69B5F0A3A1757003C02F2 /* Build configuration list for PBXNativeTarget "Spacetime_Explorer_v8_Star_Anatomy" */;
			buildPhases = (
				E4B69B580A3A1756003C02F2 /* Sources */,
				E4B69B590A3A1756003C02F2 /* Frameworks */,
				E4B6FFFD0C3F9AB9008CF71C /* ShellScript */,
				E4C2427710CC5ABF004149E2 /* CopyFiles */,
			);
			buildRules = (
			);
			dependencies = (
				E4EEB9AC138B136A00A80321 /* PBXTargetDependency */,
			);
			name = Spacetime_Explorer_v8_Star_Anatomy;
			productName = myOFApp;
			productReference = E4B69B5B0A3A1756003C02F2 /* Spacetime_Explorer_v8_Star_AnatomyDebug.app */;
			productType = "com.apple.product-type.application";
		};
/* End PBXNativeTarget section */

/* Begin PBXProject section */
		E4B69B4C0A3A1720003C02F2 /* Project object */ = {
			isa = PBXProject;
			attributes = {
				LastUpgradeCheck = 0460;
			};
			buildConfigurationList = E4B69B4D0A3A1720003C02F2 /* Build configuration list for PBXProject "Spacetime_Explorer_v8_Star_Anatomy" */;
			compatibilityVersion = "Xcode 3.2";
			developmentRegion = English;
			hasScannedForEncodings = 0;
			knownRegions = (
				English,
				Japanese,
				French,
				German,
			);
			mainGroup = E4B69B4A0A3A1720003C02F2;
			productRefGroup = E4B69B4A0A3A1720003C02F2;
			projectDirPath = "";
			projectReferences = (
				{
					ProductGroup = E4328144138ABC890047C5CB /* Products */;
					ProjectRef = E4328143138ABC890047C5CB /* openFrameworksLib.xcodeproj */;
				},
			);
			projectRoot = "";
			targets = (
				E4B69B5A0A3A1756003C02F2 /* Spacetime_Explorer_v8_Star_Anatomy */,
			);
		};
/* End PBXProject section */

/* Begin PBXReferenceProxy section */
		E4328148138ABC890047C5CB /* openFrameworksDebug.a */ = {
			isa = PBXReferenceProxy;
			fileType = archive.ar;
			path = openFrameworksDebug.a;
			remoteRef = E4328147138ABC890047C5CB /* PBXContainerItemProxy */;
			sourceTree = BUILT_PRODUCTS_DIR;
		};
/* End PBXReferenceProxy section */

/* Begin PBXShellScriptBuildPhase section */
		E4B6FFFD0C3F9AB9008CF71C /* ShellScript */ = {
			isa = PBXShellScriptBuildPhase;
			buildActionMask = 2147483647;
			files = (
			);
			inputPaths = (
			);
			outputPaths = (
			);
			runOnlyForDeploymentPostprocessing = 0;
			shellPath = /bin/sh;
			shellScript = "cp -f ../../libs/fmodex/lib/osx/libfmodex.dylib \"$TARGET_BUILD_DIR/$PRODUCT_NAME.app/Contents/MacOS/libfmodex.dylib\"; install_name_tool -change ./libfmodex.dylib @executable_path/libfmodex.dylib \"$TARGET_BUILD_DIR/$PRODUCT_NAME.app/Contents/MacOS/$PRODUCT_NAME\";\nmkdir -p \"$TARGET_BUILD_DIR/$PRODUCT_NAME.app/Contents/Resources/\"\ncp -f \"$ICON_FILE\" \"$TARGET_BUILD_DIR/$PRODUCT_NAME.app/Contents/Resources/\"\n";
		};
/* End PBXShellScriptBuildPhase section */

/* Begin PBXSourcesBuildPhase section */
		E4B69B580A3A1756003C02F2 /* Sources */ = {
			isa = PBXSourcesBuildPhase;
			buildActionMask = 2147483647;
			files = (
				E4B69E200A3A1BDC003C02F2 /* main.cpp in Sources */,
				E4B69E210A3A1BDC003C02F2 /* testApp.cpp in Sources */,
				4927BB9D11FF7F57D3E2B51C /* ofxCvColorImage.cpp in Sources */,
				7B402ED651BC0C49EF93DFF3 /* ofxCvContourFinder.cpp in Sources */,
				4658A6A134834CAE7045FA19 /* ofxCvFloatImage.cpp in Sources */,
				40E7CEC62E17A8F6E6A443AE /* ofxCvGrayscaleImage.cpp in Sources */,
				28189DB43CD152201712E778 /* ofxCvHaarFinder.cpp in Sources */,
				63512F2008E135A7A3860582 /* ofxCvImage.cpp in Sources */,
				FEE13C3059BFBFB576FCBAF7 /* ofxCvShortImage.cpp in Sources */,
				B95DE8C005385141C9743C25 /* ofxAutoReloadedShader.cpp in Sources */,
				517CE1B2C596C78902884334 /* AGC.m in Sources */,
				4693CD218C5FE9344215079C /* BayerConverter.m in Sources */,
				07D09516E6AD733B1B87EB57 /* ControllerInterface.m in Sources */,
				E575E4639DEDB0396714677F /* FrameCounter.m in Sources */,
				0698E2C9BBD16D1763C6D0FE /* GenericDriver.m in Sources */,
				BE7F222AFD9FA8DBE437A166 /* Histogram.m in Sources */,
				A2CF15AACDE683F97C9A8171 /* LookUpTable.m in Sources */,
				A541C32F7A1D7688FCA0A0E2 /* MiniGraphicsTools.cpp in Sources */,
				177B558E132651377AEAA3C5 /* MiscTools.cpp in Sources */,
				6E5C04EC4D4F2ECF59287FF4 /* MyCameraCentral.m in Sources */,
				9728D5F500B8C954C421A115 /* MyCameraDriver.m in Sources */,
				410FC3971DB2626962784B71 /* MyCameraInfo.m in Sources */,
				93B45B3E698A2E2043502E86 /* OV534Driver.m in Sources */,
				7027A124AAAE20D331CD5527 /* Resolvers.cpp in Sources */,
				B74F104129E22B82408533AD /* Sensor.m in Sources */,
				18209A6C34FB2C54A22C05DB /* ofxMacamPs3Eye.mm in Sources */,
				B93E64DCEA33DBD4ADF05547 /* PS3EyeWindowAppDelegate.m in Sources */,
				D724B49219234A5E0076C719 /* Fragment.cpp in Sources */,
				D724B49D19234A690076C719 /* Limbo.cpp in Sources */,
				D724B49E19234A690076C719 /* Particle.cpp in Sources */,
				D724B4A019234A690076C719 /* SunParticle.cpp in Sources */,
				D724B4A119234A690076C719 /* Timer.cpp in Sources */,
			);
			runOnlyForDeploymentPostprocessing = 0;
		};
/* End PBXSourcesBuildPhase section */

/* Begin PBXTargetDependency section */
		E4EEB9AC138B136A00A80321 /* PBXTargetDependency */ = {
			isa = PBXTargetDependency;
			name = openFrameworks;
			targetProxy = E4EEB9AB138B136A00A80321 /* PBXContainerItemProxy */;
		};
/* End PBXTargetDependency section */

/* Begin XCBuildConfiguration section */
		E4B69B4E0A3A1720003C02F2 /* Debug */ = {
			isa = XCBuildConfiguration;
			baseConfigurationReference = E4EB6923138AFD0F00A09F29 /* Project.xcconfig */;
			buildSettings = {
				ARCHS = "$(NATIVE_ARCH)";
				CONFIGURATION_BUILD_DIR = "$(SRCROOT)/bin/";
				COPY_PHASE_STRIP = NO;
				DEAD_CODE_STRIPPING = YES;
				GCC_AUTO_VECTORIZATION = YES;
				GCC_ENABLE_SSE3_EXTENSIONS = YES;
				GCC_ENABLE_SUPPLEMENTAL_SSE3_INSTRUCTIONS = YES;
				GCC_INLINES_ARE_PRIVATE_EXTERN = NO;
				GCC_OPTIMIZATION_LEVEL = 0;
				GCC_SYMBOLS_PRIVATE_EXTERN = NO;
				GCC_WARN_ABOUT_DEPRECATED_FUNCTIONS = YES;
				GCC_WARN_ABOUT_INVALID_OFFSETOF_MACRO = NO;
				GCC_WARN_ALLOW_INCOMPLETE_PROTOCOL = NO;
				GCC_WARN_UNINITIALIZED_AUTOS = NO;
				GCC_WARN_UNUSED_VALUE = NO;
				GCC_WARN_UNUSED_VARIABLE = NO;
				HEADER_SEARCH_PATHS = (
					"$(OF_CORE_HEADERS)",
					../../addons/ofxOpenCv/libs,
					../../addons/ofxOpenCv/libs/opencv,
					../../addons/ofxOpenCv/libs/opencv/include,
					../../addons/ofxOpenCv/libs/opencv/include/opencv,
					../../addons/ofxOpenCv/libs/opencv/include/opencv2,
					../../addons/ofxOpenCv/libs/opencv/include/opencv2/calib3d,
					../../addons/ofxOpenCv/libs/opencv/include/opencv2/contrib,
					../../addons/ofxOpenCv/libs/opencv/include/opencv2/core,
					../../addons/ofxOpenCv/libs/opencv/include/opencv2/features2d,
					../../addons/ofxOpenCv/libs/opencv/include/opencv2/flann,
					../../addons/ofxOpenCv/libs/opencv/include/opencv2/gpu,
					../../addons/ofxOpenCv/libs/opencv/include/opencv2/highgui,
					../../addons/ofxOpenCv/libs/opencv/include/opencv2/imgproc,
					../../addons/ofxOpenCv/libs/opencv/include/opencv2/legacy,
					../../addons/ofxOpenCv/libs/opencv/include/opencv2/ml,
					../../addons/ofxOpenCv/libs/opencv/include/opencv2/objdetect,
					../../addons/ofxOpenCv/libs/opencv/include/opencv2/ts,
					../../addons/ofxOpenCv/libs/opencv/include/opencv2/video,
					../../addons/ofxOpenCv/libs/opencv/lib,
					../../addons/ofxOpenCv/libs/opencv/lib/osx,
					../../addons/ofxOpenCv/src,
					../../addons/ofxAutoReloadedShader/libs,
					../../addons/ofxAutoReloadedShader/src,
					../../addons/ofxMacamPs3Eye/libs,
					../../addons/ofxMacamPs3Eye/src,
					../../addons/ofxMacamPs3Eye/src/macam,
					../../addons/ofxMacamPs3Eye/src/macam/include,
				);
				MACOSX_DEPLOYMENT_TARGET = 10.6;
				OTHER_CPLUSPLUSFLAGS = (
					"-D__MACOSX_CORE__",
					"-lpthread",
					"-mtune=native",
				);
				OTHER_LDFLAGS = (
					"$(OF_CORE_LIBS)",
					../../addons/ofxOpenCv/libs/opencv/lib/osx/opencv.a,
				);
				SDKROOT = macosx;
			};
			name = Debug;
		};
		E4B69B4F0A3A1720003C02F2 /* Release */ = {
			isa = XCBuildConfiguration;
			baseConfigurationReference = E4EB6923138AFD0F00A09F29 /* Project.xcconfig */;
			buildSettings = {
				ARCHS = "$(NATIVE_ARCH)";
				CONFIGURATION_BUILD_DIR = "$(SRCROOT)/bin/";
				COPY_PHASE_STRIP = YES;
				DEAD_CODE_STRIPPING = YES;
				GCC_AUTO_VECTORIZATION = YES;
				GCC_ENABLE_SSE3_EXTENSIONS = YES;
				GCC_ENABLE_SUPPLEMENTAL_SSE3_INSTRUCTIONS = YES;
				GCC_INLINES_ARE_PRIVATE_EXTERN = NO;
				GCC_OPTIMIZATION_LEVEL = 3;
				GCC_SYMBOLS_PRIVATE_EXTERN = NO;
				GCC_UNROLL_LOOPS = YES;
				GCC_WARN_ABOUT_DEPRECATED_FUNCTIONS = YES;
				GCC_WARN_ABOUT_INVALID_OFFSETOF_MACRO = NO;
				GCC_WARN_ALLOW_INCOMPLETE_PROTOCOL = NO;
				GCC_WARN_UNINITIALIZED_AUTOS = NO;
				GCC_WARN_UNUSED_VALUE = NO;
				GCC_WARN_UNUSED_VARIABLE = NO;
				HEADER_SEARCH_PATHS = (
					"$(OF_CORE_HEADERS)",
					../../addons/ofxOpenCv/libs,
					../../addons/ofxOpenCv/libs/opencv,
					../../addons/ofxOpenCv/libs/opencv/include,
					../../addons/ofxOpenCv/libs/opencv/include/opencv,
					../../addons/ofxOpenCv/libs/opencv/include/opencv2,
					../../addons/ofxOpenCv/libs/opencv/include/opencv2/calib3d,
					../../addons/ofxOpenCv/libs/opencv/include/opencv2/contrib,
					../../addons/ofxOpenCv/libs/opencv/include/opencv2/core,
					../../addons/ofxOpenCv/libs/opencv/include/opencv2/features2d,
					../../addons/ofxOpenCv/libs/opencv/include/opencv2/flann,
					../../addons/ofxOpenCv/libs/opencv/include/opencv2/gpu,
					../../addons/ofxOpenCv/libs/opencv/include/opencv2/highgui,
					../../addons/ofxOpenCv/libs/opencv/include/opencv2/imgproc,
					../../addons/ofxOpenCv/libs/opencv/include/opencv2/legacy,
					../../addons/ofxOpenCv/libs/opencv/include/opencv2/ml,
					../../addons/ofxOpenCv/libs/opencv/include/opencv2/objdetect,
					../../addons/ofxOpenCv/libs/opencv/include/opencv2/ts,
					../../addons/ofxOpenCv/libs/opencv/include/opencv2/video,
					../../addons/ofxOpenCv/libs/opencv/lib,
					../../addons/ofxOpenCv/libs/opencv/lib/osx,
					../../addons/ofxOpenCv/src,
					../../addons/ofxAutoReloadedShader/libs,
					../../addons/ofxAutoReloadedShader/src,
					../../addons/ofxMacamPs3Eye/libs,
					../../addons/ofxMacamPs3Eye/src,
					../../addons/ofxMacamPs3Eye/src/macam,
					../../addons/ofxMacamPs3Eye/src/macam/include,
				);
				MACOSX_DEPLOYMENT_TARGET = 10.6;
				OTHER_CPLUSPLUSFLAGS = (
					"-D__MACOSX_CORE__",
					"-lpthread",
					"-mtune=native",
				);
				OTHER_LDFLAGS = (
					"$(OF_CORE_LIBS)",
					../../addons/ofxOpenCv/libs/opencv/lib/osx/opencv.a,
				);
				SDKROOT = macosx;
			};
			name = Release;
		};
		E4B69B600A3A1757003C02F2 /* Debug */ = {
			isa = XCBuildConfiguration;
			buildSettings = {
				COMBINE_HIDPI_IMAGES = YES;
				COPY_PHASE_STRIP = NO;
				FRAMEWORK_SEARCH_PATHS = (
					"$(inherited)",
					"$(FRAMEWORK_SEARCH_PATHS_QUOTED_FOR_TARGET_1)",
				);
				FRAMEWORK_SEARCH_PATHS_QUOTED_FOR_TARGET_1 = "\"$(SRCROOT)/../../libs/glut/lib/osx\"";
				GCC_DYNAMIC_NO_PIC = NO;
				GCC_GENERATE_DEBUGGING_SYMBOLS = YES;
				GCC_MODEL_TUNING = NONE;
				ICON = "$(ICON_NAME_DEBUG)";
				ICON_FILE = "$(ICON_FILE_PATH)$(ICON)";
				INFOPLIST_FILE = "openFrameworks-Info.plist";
				INSTALL_PATH = "$(HOME)/Applications";
				LIBRARY_SEARCH_PATHS = (
					"$(inherited)",
					"$(LIBRARY_SEARCH_PATHS_QUOTED_FOR_TARGET_1)",
					"$(LIBRARY_SEARCH_PATHS_QUOTED_FOR_TARGET_2)",
					"$(LIBRARY_SEARCH_PATHS_QUOTED_FOR_TARGET_3)",
					"$(LIBRARY_SEARCH_PATHS_QUOTED_FOR_TARGET_4)",
					"$(LIBRARY_SEARCH_PATHS_QUOTED_FOR_TARGET_5)",
					"$(LIBRARY_SEARCH_PATHS_QUOTED_FOR_TARGET_6)",
					"$(LIBRARY_SEARCH_PATHS_QUOTED_FOR_TARGET_7)",
					"$(LIBRARY_SEARCH_PATHS_QUOTED_FOR_TARGET_8)",
					"$(LIBRARY_SEARCH_PATHS_QUOTED_FOR_TARGET_9)",
					"$(LIBRARY_SEARCH_PATHS_QUOTED_FOR_TARGET_10)",
					"$(LIBRARY_SEARCH_PATHS_QUOTED_FOR_TARGET_11)",
					"$(LIBRARY_SEARCH_PATHS_QUOTED_FOR_TARGET_12)",
					"$(LIBRARY_SEARCH_PATHS_QUOTED_FOR_TARGET_13)",
					"$(LIBRARY_SEARCH_PATHS_QUOTED_FOR_TARGET_14)",
					"$(LIBRARY_SEARCH_PATHS_QUOTED_FOR_TARGET_15)",
					"$(LIBRARY_SEARCH_PATHS_QUOTED_FOR_TARGET_2)",
					"$(LIBRARY_SEARCH_PATHS_QUOTED_FOR_TARGET_3)",
					"$(LIBRARY_SEARCH_PATHS_QUOTED_FOR_TARGET_7)",
					"$(LIBRARY_SEARCH_PATHS_QUOTED_FOR_TARGET_8)",
					"$(LIBRARY_SEARCH_PATHS_QUOTED_FOR_TARGET_9)",
					"$(LIBRARY_SEARCH_PATHS_QUOTED_FOR_TARGET_10)",
					"$(LIBRARY_SEARCH_PATHS_QUOTED_FOR_TARGET_11)",
					"$(LIBRARY_SEARCH_PATHS_QUOTED_FOR_TARGET_12)",
					"$(LIBRARY_SEARCH_PATHS_QUOTED_FOR_TARGET_13)",
					"$(LIBRARY_SEARCH_PATHS_QUOTED_FOR_TARGET_16)",
					"$(LIBRARY_SEARCH_PATHS_QUOTED_FOR_TARGET_17)",
					"$(LIBRARY_SEARCH_PATHS_QUOTED_FOR_TARGET_18)",
					"$(LIBRARY_SEARCH_PATHS_QUOTED_FOR_TARGET_19)",
					"$(LIBRARY_SEARCH_PATHS_QUOTED_FOR_TARGET_20)",
					"$(LIBRARY_SEARCH_PATHS_QUOTED_FOR_TARGET_21)",
					"$(LIBRARY_SEARCH_PATHS_QUOTED_FOR_TARGET_22)",
					"$(LIBRARY_SEARCH_PATHS_QUOTED_FOR_TARGET_23)",
					"$(LIBRARY_SEARCH_PATHS_QUOTED_FOR_TARGET_24)",
					"$(LIBRARY_SEARCH_PATHS_QUOTED_FOR_TARGET_25)",
					"$(LIBRARY_SEARCH_PATHS_QUOTED_FOR_TARGET_26)",
					"$(LIBRARY_SEARCH_PATHS_QUOTED_FOR_TARGET_27)",
					"$(LIBRARY_SEARCH_PATHS_QUOTED_FOR_TARGET_28)",
					"$(LIBRARY_SEARCH_PATHS_QUOTED_FOR_TARGET_29)",
					"$(LIBRARY_SEARCH_PATHS_QUOTED_FOR_TARGET_30)",
					"$(LIBRARY_SEARCH_PATHS_QUOTED_FOR_TARGET_31)",
					"$(LIBRARY_SEARCH_PATHS_QUOTED_FOR_TARGET_32)",
					"$(LIBRARY_SEARCH_PATHS_QUOTED_FOR_TARGET_33)",
					"$(LIBRARY_SEARCH_PATHS_QUOTED_FOR_TARGET_34)",
					"$(LIBRARY_SEARCH_PATHS_QUOTED_FOR_TARGET_35)",
					"$(LIBRARY_SEARCH_PATHS_QUOTED_FOR_TARGET_36)",
					"$(LIBRARY_SEARCH_PATHS_QUOTED_FOR_TARGET_37)",
					"$(LIBRARY_SEARCH_PATHS_QUOTED_FOR_TARGET_38)",
					"$(LIBRARY_SEARCH_PATHS_QUOTED_FOR_TARGET_39)",
					"$(LIBRARY_SEARCH_PATHS_QUOTED_FOR_TARGET_40)",
					"$(LIBRARY_SEARCH_PATHS_QUOTED_FOR_TARGET_41)",
					"$(LIBRARY_SEARCH_PATHS_QUOTED_FOR_TARGET_42)",
					"$(LIBRARY_SEARCH_PATHS_QUOTED_FOR_TARGET_43)",
					"$(LIBRARY_SEARCH_PATHS_QUOTED_FOR_TARGET_44)",
					"$(LIBRARY_SEARCH_PATHS_QUOTED_FOR_TARGET_45)",
					"$(LIBRARY_SEARCH_PATHS_QUOTED_FOR_TARGET_46)",
					"$(LIBRARY_SEARCH_PATHS_QUOTED_FOR_TARGET_47)",
					"$(LIBRARY_SEARCH_PATHS_QUOTED_FOR_TARGET_48)",
					"$(LIBRARY_SEARCH_PATHS_QUOTED_FOR_TARGET_49)",
					"$(LIBRARY_SEARCH_PATHS_QUOTED_FOR_TARGET_50)",
					"$(LIBRARY_SEARCH_PATHS_QUOTED_FOR_TARGET_51)",
					"$(LIBRARY_SEARCH_PATHS_QUOTED_FOR_TARGET_52)",
				);
				PRODUCT_NAME = "$(TARGET_NAME)Debug";
				WRAPPER_EXTENSION = app;
			};
			name = Debug;
		};
		E4B69B610A3A1757003C02F2 /* Release */ = {
			isa = XCBuildConfiguration;
			buildSettings = {
				COMBINE_HIDPI_IMAGES = YES;
				COPY_PHASE_STRIP = YES;
				FRAMEWORK_SEARCH_PATHS = (
					"$(inherited)",
					"$(FRAMEWORK_SEARCH_PATHS_QUOTED_FOR_TARGET_1)",
				);
				FRAMEWORK_SEARCH_PATHS_QUOTED_FOR_TARGET_1 = "\"$(SRCROOT)/../../libs/glut/lib/osx\"";
				GCC_GENERATE_DEBUGGING_SYMBOLS = YES;
				GCC_MODEL_TUNING = NONE;
				ICON = "$(ICON_NAME_RELEASE)";
				ICON_FILE = "$(ICON_FILE_PATH)$(ICON)";
				INFOPLIST_FILE = "openFrameworks-Info.plist";
				INSTALL_PATH = "$(HOME)/Applications";
				LIBRARY_SEARCH_PATHS = (
					"$(inherited)",
					"$(LIBRARY_SEARCH_PATHS_QUOTED_FOR_TARGET_1)",
					"$(LIBRARY_SEARCH_PATHS_QUOTED_FOR_TARGET_2)",
					"$(LIBRARY_SEARCH_PATHS_QUOTED_FOR_TARGET_3)",
					"$(LIBRARY_SEARCH_PATHS_QUOTED_FOR_TARGET_4)",
					"$(LIBRARY_SEARCH_PATHS_QUOTED_FOR_TARGET_5)",
					"$(LIBRARY_SEARCH_PATHS_QUOTED_FOR_TARGET_6)",
					"$(LIBRARY_SEARCH_PATHS_QUOTED_FOR_TARGET_7)",
					"$(LIBRARY_SEARCH_PATHS_QUOTED_FOR_TARGET_8)",
					"$(LIBRARY_SEARCH_PATHS_QUOTED_FOR_TARGET_9)",
					"$(LIBRARY_SEARCH_PATHS_QUOTED_FOR_TARGET_10)",
					"$(LIBRARY_SEARCH_PATHS_QUOTED_FOR_TARGET_11)",
					"$(LIBRARY_SEARCH_PATHS_QUOTED_FOR_TARGET_12)",
					"$(LIBRARY_SEARCH_PATHS_QUOTED_FOR_TARGET_13)",
					"$(LIBRARY_SEARCH_PATHS_QUOTED_FOR_TARGET_14)",
					"$(LIBRARY_SEARCH_PATHS_QUOTED_FOR_TARGET_15)",
					"$(LIBRARY_SEARCH_PATHS_QUOTED_FOR_TARGET_2)",
					"$(LIBRARY_SEARCH_PATHS_QUOTED_1)",
					"$(LIBRARY_SEARCH_PATHS_QUOTED_FOR_TARGET_3)",
					"$(LIBRARY_SEARCH_PATHS_QUOTED_FOR_TARGET_7)",
					"$(LIBRARY_SEARCH_PATHS_QUOTED_FOR_TARGET_8)",
					"$(LIBRARY_SEARCH_PATHS_QUOTED_FOR_TARGET_9)",
					"$(LIBRARY_SEARCH_PATHS_QUOTED_FOR_TARGET_10)",
					"$(LIBRARY_SEARCH_PATHS_QUOTED_FOR_TARGET_11)",
					"$(LIBRARY_SEARCH_PATHS_QUOTED_FOR_TARGET_12)",
					"$(LIBRARY_SEARCH_PATHS_QUOTED_FOR_TARGET_13)",
					"$(LIBRARY_SEARCH_PATHS_QUOTED_FOR_TARGET_16)",
					"$(LIBRARY_SEARCH_PATHS_QUOTED_FOR_TARGET_17)",
					"$(LIBRARY_SEARCH_PATHS_QUOTED_FOR_TARGET_18)",
					"$(LIBRARY_SEARCH_PATHS_QUOTED_FOR_TARGET_19)",
					"$(LIBRARY_SEARCH_PATHS_QUOTED_FOR_TARGET_20)",
					"$(LIBRARY_SEARCH_PATHS_QUOTED_FOR_TARGET_21)",
					"$(LIBRARY_SEARCH_PATHS_QUOTED_FOR_TARGET_22)",
					"$(LIBRARY_SEARCH_PATHS_QUOTED_FOR_TARGET_23)",
					"$(LIBRARY_SEARCH_PATHS_QUOTED_FOR_TARGET_24)",
					"$(LIBRARY_SEARCH_PATHS_QUOTED_FOR_TARGET_25)",
					"$(LIBRARY_SEARCH_PATHS_QUOTED_FOR_TARGET_26)",
					"$(LIBRARY_SEARCH_PATHS_QUOTED_FOR_TARGET_27)",
					"$(LIBRARY_SEARCH_PATHS_QUOTED_FOR_TARGET_28)",
					"$(LIBRARY_SEARCH_PATHS_QUOTED_FOR_TARGET_29)",
					"$(LIBRARY_SEARCH_PATHS_QUOTED_FOR_TARGET_30)",
					"$(LIBRARY_SEARCH_PATHS_QUOTED_FOR_TARGET_31)",
					"$(LIBRARY_SEARCH_PATHS_QUOTED_FOR_TARGET_32)",
					"$(LIBRARY_SEARCH_PATHS_QUOTED_FOR_TARGET_33)",
					"$(LIBRARY_SEARCH_PATHS_QUOTED_FOR_TARGET_34)",
					"$(LIBRARY_SEARCH_PATHS_QUOTED_FOR_TARGET_35)",
					"$(LIBRARY_SEARCH_PATHS_QUOTED_FOR_TARGET_36)",
					"$(LIBRARY_SEARCH_PATHS_QUOTED_FOR_TARGET_37)",
					"$(LIBRARY_SEARCH_PATHS_QUOTED_FOR_TARGET_38)",
					"$(LIBRARY_SEARCH_PATHS_QUOTED_FOR_TARGET_39)",
					"$(LIBRARY_SEARCH_PATHS_QUOTED_FOR_TARGET_40)",
					"$(LIBRARY_SEARCH_PATHS_QUOTED_FOR_TARGET_41)",
					"$(LIBRARY_SEARCH_PATHS_QUOTED_FOR_TARGET_42)",
					"$(LIBRARY_SEARCH_PATHS_QUOTED_FOR_TARGET_43)",
					"$(LIBRARY_SEARCH_PATHS_QUOTED_FOR_TARGET_44)",
					"$(LIBRARY_SEARCH_PATHS_QUOTED_FOR_TARGET_45)",
					"$(LIBRARY_SEARCH_PATHS_QUOTED_FOR_TARGET_46)",
					"$(LIBRARY_SEARCH_PATHS_QUOTED_FOR_TARGET_47)",
					"$(LIBRARY_SEARCH_PATHS_QUOTED_FOR_TARGET_48)",
					"$(LIBRARY_SEARCH_PATHS_QUOTED_FOR_TARGET_49)",
					"$(LIBRARY_SEARCH_PATHS_QUOTED_FOR_TARGET_50)",
					"$(LIBRARY_SEARCH_PATHS_QUOTED_FOR_TARGET_51)",
				);
				PRODUCT_NAME = "$(TARGET_NAME)";
				WRAPPER_EXTENSION = app;
			};
			name = Release;
		};
/* End XCBuildConfiguration section */

/* Begin XCConfigurationList section */
		E4B69B4D0A3A1720003C02F2 /* Build configuration list for PBXProject "Spacetime_Explorer_v8_Star_Anatomy" */ = {
			isa = XCConfigurationList;
			buildConfigurations = (
				E4B69B4E0A3A1720003C02F2 /* Debug */,
				E4B69B4F0A3A1720003C02F2 /* Release */,
			);
			defaultConfigurationIsVisible = 0;
			defaultConfigurationName = Release;
		};
		E4B69B5F0A3A1757003C02F2 /* Build configuration list for PBXNativeTarget "Spacetime_Explorer_v8_Star_Anatomy" */ = {
			isa = XCConfigurationList;
			buildConfigurations = (
				E4B69B600A3A1757003C02F2 /* Debug */,
				E4B69B610A3A1757003C02F2 /* Release */,
			);
			defaultConfigurationIsVisible = 0;
			defaultConfigurationName = Release;
		};
/* End XCConfigurationList section */
	};
	rootObject = E4B69B4C0A3A1720003C02F2 /* Project object */;
}
